lockfileVersion: '9.0'

settings:
  autoInstallPeers: true
  excludeLinksFromLockfile: false

importers:

  .:
    dependencies:
      '@dotenvx/dotenvx':
        specifier: 2.22.0
        version: 2.22.0
      '@stricli/auto-complete':
        specifier: 1.3.0
        version: 1.3.0
      '@stricli/core':
        specifier: 1.3.0
        version: 1.3.0
      '@vercel/detect-agent':
        specifier: 1.2.5
        version: 1.2.5
      '@xata.io/ai':
        specifier: 0.1.1
        version: 0.1.1
      '@xata.io/api':
        specifier: 0.1.11
        version: 0.1.11
      '@xata.io/config':
        specifier: 0.0.12
        version: 0.0.12
      '@xata.io/lang':
        specifier: 0.0.4
        version: 0.0.4
      '@xata.io/pgroll':
        specifier: 0.9.1
        version: 0.9.1
      '@xata.io/pgstream':
        specifier: 0.2.3
        version: 0.2.3
      '@xata.io/sql':
        specifier: 0.2.7
        version: 0.2.7
      '@xata.io/tsconfig':
        specifier: 0.0.2
        version: 0.0.2
      '@xata.io/utils':
        specifier: 0.2.1
        version: 0.2.1
      chalk:
        specifier: 6.0.0
        version: 6.0.0
      chrono-node:
        specifier: 2.10.1
        version: 2.10.1
      ci-info:
        specifier: 4.4.0
        version: 4.4.0
      cli-table3:
        specifier: 0.6.5
        version: 0.6.5
      dedent:
        specifier: 1.7.2
        version: 1.7.2
      enquirer:
        specifier: 2.4.1
        version: 2.4.1
      jose:
        specifier: 6.2.10
        version: 6.2.10
      pg-connection-string:
        specifier: 2.14.0
        version: 2.14.0
      postgres:
        specifier: 3.4.9
        version: 3.4.9
      strip-ansi:
        specifier: 7.2.0
        version: 7.2.0
      tiny-invariant:
        specifier: 1.3.3
        version: 1.3.3
      treeify:
        specifier: 1.1.0
        version: 1.1.0
      ts-pattern:
        specifier: 5.9.0
        version: 5.9.0
      typescript:
        specifier: 6.0.x
        version: 6.0.3
      yaml:
        specifier: 2.9.0
        version: 2.9.0
      zod:
        specifier: 4.4.3
        version: 4.4.3
      zod-config:
        specifier: 1.4.0
        version: 1.4.0(yaml@2.9.0)(zod@4.4.3)
    devDependencies:
      '@aws-sdk/client-s3':
        specifier: 3.1120.0
        version: 3.1120.0
      '@types/bun':
        specifier: 1.4.0
        version: 1.4.0
      '@types/node':
        specifier: 26.4.0
        version: 26.4.0
      '@types/treeify':
        specifier: 1.0.3
        version: 1.0.3
      '@xata.io/test-utils':
        specifier: 0.0.15
        version: 0.0.15

packages:

  '@ai-sdk/anthropic@4.0.12':
    resolution: {integrity: sha512-IquWNkGRSF2ulYJ6YIIUqMsNAIDeZFB3/4W92aSOtCxH1TfuVoq3qw4M4TxTxIw4As9cnkeRLe7b9LDMzPDsnA==}
    engines: {node: '>=22'}
    peerDependencies:
      zod: ^3.25.76 || ^4.1.8

  '@ai-sdk/gateway@4.0.16':
    resolution: {integrity: sha512-9iYxdOLquoOFk5e+02P9qfBIA+EJU0FNJvyjGxi4iXJabt2+GlbaCg7TX0sTtxOsBVkdabkatqWM6+kvp53tBg==}
    engines: {node: '>=22'}
    peerDependencies:
      zod: ^3.25.76 || ^4.1.8

  '@ai-sdk/provider-utils@5.0.7':
    resolution: {integrity: sha512-OSm5/5kdrHa11WIOo5LYgDKnxYWp5aB/wx5EXRHi0jpUGduMDeB6oht9U6p+UNNWIP3F/EqPpV8d7vdP/iRnqg==}
    engines: {node: '>=22'}
    peerDependencies:
      zod: ^3.25.76 || ^4.1.8

  '@ai-sdk/provider@4.0.3':
    resolution: {integrity: sha512-e0CpNWJUY7OxAFAnCZkw+ri9QOHWwTs1tXP42782KFGCU07qt8NiXCrCVowyCB5dP2r5/Uls+g2oPd8kOJn9dw==}
    engines: {node: '>=22'}

  '@aws-sdk/checksums@3.1000.29':
    resolution: {integrity: sha512-Dtu0gr4dnATZAPwEYbpCsG+MpLM7OAliy2gTepEFQwl1vZ6DL3QMH2FveMa3HLvPsOdhJsPRB3KtxVhph9T75A==}
    engines: {node: '>=20.0.0'}

  '@aws-sdk/client-s3@3.1120.0':
    resolution: {integrity: sha512-UunWgNl/U8wIlxVRyhUPqlozFkUS88UqXjAH50XfPDXaZeK9P7KVYTAh4KREVrLPQTzPxVSbQGog3gHlc/P6vg==}
    engines: {node: '>=20.0.0'}

  '@aws-sdk/core@3.977.9':
    resolution: {integrity: sha512-reqPFEQrZxDZpeGj4PFMepBeR5LGYHRqq/L0motTzgFkCRBA4rFdaVXDSLYyGHhxVz7sT2PDnPN9CluGSfgyJA==}
    engines: {node: '>=20.0.0'}

  '@aws-sdk/credential-provider-env@3.972.70':
    resolution: {integrity: sha512-H404B7dJl2mCrBqahDEYsanB0xhdDp6tXnXcTUnXmmpy2Q3J0Ho0bUajZ2jr/RdwzCyS59Gi8xXIFwPLGBl6Uw==}
    engines: {node: '>=20.0.0'}

  '@aws-sdk/credential-provider-http@3.972.72':
    resolution: {integrity: sha512-X98zYOrVOeuosCX+6ktf29FC2N2GHPLia7qv6mzPzTc+RPAuHWCDS++Z6JK7eGYqb/v6uaW7bAXaOvDBfol+0w==}
    engines: {node: '>=20.0.0'}

  '@aws-sdk/credential-provider-ini@3.973.15':
    resolution: {integrity: sha512-Rykg6s5ceBuynMOGWgoowO4N+27JfnqXAnVaSunZl0hOO1XodSrxGNz6sCEbnmS0lAfQZDKyb3fbr46gSuv6Sg==}
    engines: {node: '>=20.0.0'}

  '@aws-sdk/credential-provider-login@3.972.77':
    resolution: {integrity: sha512-Jb59xfEISoN5mmbnA+HYqdtrSX3CgCtJoof+V5D8/TgUI56W63GEEd5Y58WijU3Ou6+WEgaLD1feVzaRXV5IDQ==}
    engines: {node: '>=20.0.0'}

  '@aws-sdk/credential-provider-node@3.972.81':
    resolution: {integrity: sha512-Rml+WitoFvXmv6JZ18U/xGdGDGGvB/mOin0ya0lTnTrdC0Z1lrVxTYh7iNklZBcvcRMrs4DoEf6xy1KWyrLQQw==}
    engines: {node: '>=20.0.0'}

  '@aws-sdk/credential-provider-process@3.972.70':
    resolution: {integrity: sha512-2ry03fGRJr4sV3jI+ocjj5JqALnFD6ymM5KiNCDZMvq8bX2GSbE0vji4aM43TVCl2nXqqLRZaUxdq/KeWRAY4Q==}
    engines: {node: '>=20.0.0'}

  '@aws-sdk/credential-provider-sso@3.973.14':
    resolution: {integrity: sha512-jkhg/8ocAAoc0RFyLMhCw+/zZh7gystQgd4F4hznNa8P4Cc501PQmxd+jGLiMHodPJ+7Zv/3znM62gZojyasmA==}
    engines: {node: '>=20.0.0'}

  '@aws-sdk/credential-provider-web-identity@3.972.76':
    resolution: {integrity: sha512-d3AGyVu759PGr35mEB2s22xxlNEA5rpdxtSPJthfPFJvoQ8dt357iVPECqWfUxXp1toJAvKmbtcIYVGigaGsCA==}
    engines: {node: '>=20.0.0'}

  '@aws-sdk/middleware-sdk-s3@3.972.75':
    resolution: {integrity: sha512-wMIsNumRVKaNMKhvU/s9VrdEwE8S6gSzXp4RygFG5BEMnGkkXf8cjh8zf7cKJBpUDpqTWqwbz5isEgp9rH6Lng==}
    engines: {node: '>=20.0.0'}

  '@aws-sdk/nested-clients@3.997.44':
    resolution: {integrity: sha512-NhEgryjlBF9w38ZXqGymQV28IhkYa1mKhlbYnqIis57AYwWGVYfUPgg/qC2rLRqOUfblxx++irvju10kVTa8Vw==}
    engines: {node: '>=20.0.0'}

  '@aws-sdk/signature-v4-multi-region@3.996.46':
    resolution: {integrity: sha512-L+2xZTye/2T96f3lwCws0Zw6GG2JHZW9e8FpVgGBeeExSKyeoZ6CWRpBml/7DNiK/O26jrgPM9F+Ay8VkgzUWQ==}
    engines: {node: '>=20.0.0'}

  '@aws-sdk/token-providers@3.1116.0':
    resolution: {integrity: sha512-ygIivKqh8aHzNkucOCXHyIBgBpLPfrSI0mCqXF+vLBsPTUKqj0VSqAY0GFPe7lQl4HntjOcQ+KSyS7oUV2C54Q==}
    engines: {node: '>=20.0.0'}

  '@aws-sdk/types@3.974.5':
    resolution: {integrity: sha512-LkwLL2BLbC6wNNm4JaH9mbEqBMdOZCct6VAYqhdN4U1xrWM+fUJQEfbHwQgDypapOWTRtlk25akb5afM0P8CIQ==}
    engines: {node: '>=20.0.0'}

  '@aws-sdk/xml-builder@3.972.40':
    resolution: {integrity: sha512-wlFmCIGUlwF4zx/kncw+bmxTQh1HeSJq4mYV/V5cZUSJadDP3kXvGW8Rn21cimj/7y9ju+47oYWXi97vF7czaA==}
    engines: {node: '>=20.0.0'}

  '@aws/lambda-invoke-store@0.3.0':
    resolution: {integrity: sha512-sl4Bm6yiMNYrZKkqqDFWN0UfnWhlS8ivKxrYl+6t0gCLrqr8y3B2IqZZbFRkfaVVp7C/baApyh71P+LeE1A2sQ==}
    engines: {node: '>=18.0.0'}

  '@colors/colors@1.5.0':
    resolution: {integrity: sha512-ooWCrlZP11i8GImSjTHYHLkvFDP48nS4+204nGb1RiX/WXYHmJA2III9/e2DWVabCESdW7hBAEzHRqUn9OUVvQ==}
    engines: {node: '>=0.1.90'}

  '@dotenvx/dotenvx@2.22.0':
    resolution: {integrity: sha512-QnENtqMA/OhNDD9+boDuAmvjcW7WAT4nA/FExp1kwZ6zk365vCIrw588HzzT3+Sz7V/MMbqsz0nauZHnhSeR5g==}
    hasBin: true

  '@dotenvx/primitives@2.2.0':
    resolution: {integrity: sha512-jrUocPqHfGeYuvNKmrzNJCIHW7Xb6m5CuxUESyCHmGlzQByho2EdX45ctfTgWSELeSrcfwuB0Q8iHdlmmlxhUA==}

  '@dotenvx/tooling@1.0.3':
    resolution: {integrity: sha512-Gd6qQol/ICb4MPRWpiIH56y+pR9AVB7kPBkbhrLSGLtAiF4Qgy+k651/f2pze0Xbm3H5XewbPfIm4y9K+ic30Q==}

  '@neondatabase/serverless@1.1.0':
    resolution: {integrity: sha512-r3ZZhRjEcfEdKIZnoB1RusNgvHuaBRqfCzV4Gi+5A9yUX0S4HTws/ASWqt13wL4y4I+0rqsWGdA2w7EQXHi3+Q==}
    engines: {node: '>=19.0.0'}

  '@smithy/core@3.33.3':
    resolution: {integrity: sha512-CsOeKq/9kA3y6VJHt+/+VTCtBaxJ4OTFpgrjIUhPpDIKxBci1k2bJaQASF2h/ELWrulGp+t97DZ0mevfAD8idg==}
    engines: {node: '>=18.0.0'}

  '@smithy/credential-provider-imds@4.5.2':
    resolution: {integrity: sha512-A9uSdn72ozbRUSit0eib0TW7nXuNPlaeM0zcGkJ+nE6tFcSDbnmtwoxbTCFBukVQcszDAyvsd7+rTduPTXpygg==}
    engines: {node: '>=18.0.0'}

  '@smithy/fetch-http-handler@5.7.2':
    resolution: {integrity: sha512-nZyWTmSpJEXl6VtWVMBJve/7x12DZu6sIX1z1a+ZMaHlQQRs9Zpu6NbTe/gmxYXVRpkjxyDYpZ5gx2IM6f/Wkw==}
    engines: {node: '>=18.0.0'}

  '@smithy/node-http-handler@4.11.3':
    resolution: {integrity: sha512-2jY1tSpERfPfWqyBV2pH+iGFaghVsIJszJNsT7hxtQYhVJpWDyc0LqOWI+nXOxOAHaEfZ4PXXtp1wW1TGpHhkA==}
    engines: {node: '>=18.0.0'}

  '@smithy/signature-v4@5.7.3':
    resolution: {integrity: sha512-7ImGm+FkHRLcBaRttIAMZ6bzJZWb2cJGoYjq46F2UjycujWzrL9GEN9h4w7eQyXJYnltrUhxbbieBAIRrdqpow==}
    engines: {node: '>=18.0.0'}

  '@smithy/types@4.17.2':
    resolution: {integrity: sha512-FOKpVZob9MPTn2znRzGrnsMHv7BOsKVw3XiP/cOyYLDVZ9qKp4nifIiSCuUU/fIj5Vu0UOAxCFr+qRAtG0NUkA==}
    engines: {node: '>=18.0.0'}

  '@standard-schema/spec@1.1.0':
    resolution: {integrity: sha512-l2aFy5jALhniG5HgqrD6jXLi/rUWrKvqN/qJx6yoJsgKhblVd+iqqU4RCXavm/jPityDo5TCvKMnpjKnOriy0w==}

  '@stricli/auto-complete@1.3.0':
    resolution: {integrity: sha512-egN+fdP2USbP08DkhSH+y9XsiXSrJMgbR1E5SuOD2kqI4AckufhOIKokDzmzmUT6yMa7j0jmWu29phT/jXwzqQ==}
    hasBin: true

  '@stricli/core@1.3.0':
    resolution: {integrity: sha512-LnBe2HntygaLDU5trtjiC3J4C/YkmIZuM0XB52IF4qaLqJH09kgD1fnZiS2gaYUnt0nAN2a+1b4PSOBcfPrN4Q==}

  '@types/bun@1.4.0':
    resolution: {integrity: sha512-K+lZULY23vRgK/CfTjFIV+tyifaNdSMlPh9j+6mQ/cLfpOznLyAuzgV/JQysyECpkBQLVMSyvjlr2fBUSA9wFQ==}

  '@types/node@26.4.0':
    resolution: {integrity: sha512-faiGnoIrLH/V8cibOMEAZ8pMw6oXqSukl29ra4mN8GdaB2ZewzeaLj+INpV5N+Z1eKWzY+IzaIZH2EIR6YZRNQ==}

  '@types/qs@6.15.1':
    resolution: {integrity: sha512-GZHUBZR9hckSUhrxmp1nG6NwdpM9fCunJwyThLW1X3AyHgd9IlHb6VANpQQqDr2o/qQp6McZ3y/IA2rVzKzSbw==}

  '@types/treeify@1.0.3':
    resolution: {integrity: sha512-hx0o7zWEUU4R2Amn+pjCBQQt23Khy/Dk56gQU5xi5jtPL1h83ACJCeFaB2M/+WO1AntvWrSoVnnCAfI1AQH4Cg==}

  '@vercel/detect-agent@1.2.5':
    resolution: {integrity: sha512-0krENrjuitlW8s6TJu0MlqCevyCU7K7JK63jZAf7xZ6n17tx+vUEwzHT3sTxawtwZxaW21hu+oFUpoOrm49FsQ==}
    engines: {node: '>=14'}

  '@vercel/oidc@3.2.0':
    resolution: {integrity: sha512-UycprH3T6n3jH0k44NHMa7pnFHGu/N05MjojYr+Mc6I7obkoLIJujSWwin1pCvdy/eOxrI/l3uDLQsmcrOb4ug==}
    engines: {node: '>= 20'}

  '@workflow/serde@4.1.0':
    resolution: {integrity: sha512-pav4F2BoirECWR7Nf1TKt+2eETcBj7jj4cBefQ8VXQCA6NPkaKeLfj/zMgi+3zYV5ZIBT4GuUiphsj0/b9hPQQ==}

  '@xata.io/ai@0.1.1':
    resolution: {integrity: sha512-6YJEHJWuHPCNLBrVwtTO7uyEbla4PYuPowD9/ZDYYso/iH8fVCNxAoGC+d+tcecRU3bIbmzADlusazTEErHx9g==}

  '@xata.io/api@0.1.11':
    resolution: {integrity: sha512-wQDx4g1ldWAxCA2HwjYIfd0uSSe427e5FMgp7/yMV7Y/UZKb+jllMe7zOks/6busc0HfTfCi1F2Gh5RDCsaJVg==}

  '@xata.io/config@0.0.12':
    resolution: {integrity: sha512-QrVSwf05QmKuSH1vpx09j3uJFvKrP5H0BthyJ9QOKsDQS72D8h/z8A+aOyGO6jbB+T6SVYj+xDBKYzs6JTnjPw==}

  '@xata.io/lang@0.0.4':
    resolution: {integrity: sha512-xMjevtGeXJAYRCPSkrvcNVPHqJdM+RMal7RYlxUCR9SuvsLppvVTk3K5gbgKotPmcQ+q5o6uG+SPuXJLOw1l7A==}

  '@xata.io/pgroll@0.9.1':
    resolution: {integrity: sha512-eEbKp5v1eLqSyyVa9rUi/vSgRcH936+M1kPaIQE/XAEu58kV1bS5ZzodFD8NKOQB5fqyuWnrRV3sM4eevZzaQw==}

  '@xata.io/pgstream@0.2.3':
    resolution: {integrity: sha512-7FimjjrqAq44KfXL2TjCzcP5NUxIBGWmBjvgQhr7s5VYJ9EqbZRKQ3CbMCzHyT1nxvEfvk03cR62sRoaC5jtLg==}

  '@xata.io/pii@0.0.1':
    resolution: {integrity: sha512-MV8PKakz0Utm+R6UqlW7FUPAM5w8HKoqkM7TbZfiDnMQZ6noPHp6jXQRyW5B1ISV0ervw45319nvVrHDLAlLqw==}

  '@xata.io/sql@0.2.7':
    resolution: {integrity: sha512-Ar+B6sYdVWiOhrvNXqaCHQUZkfY52sL05Ntsz/nVgNcjNQUQmzl9F1WKWwfoYG5ncewgm6N/A1FKqomZbNAFRw==}

  '@xata.io/test-utils@0.0.15':
    resolution: {integrity: sha512-Ggu44/CMi+r3SanRlGnFv7eM72AaiiH29f5eQpLSQvF/9gU9au8naFNBUKrB0jnnA3wB27MC4n/XysumBfTSHA==}

  '@xata.io/tsconfig@0.0.2':
    resolution: {integrity: sha512-7uY1tUBZbA1g7PTSrJ+DWEo1qOxIpN3DU1W94ttWL7Ns76+DmL1JVYtXOw6i9Ta7SYeEii3pxQZnaOQRLe/EAw==}

  '@xata.io/utils@0.2.1':
    resolution: {integrity: sha512-TCEvlQlrQfj8XE9A4/WByEWpmE/5bnbevdfclK+r7iK2yi09IMPsDRzQbevCPYzIuk80cvJ9ZMvhQuLFJx0XAA==}

  ai@7.0.22:
    resolution: {integrity: sha512-iAXYwQtR18qN7GXwNmGVAQM4uSJOh2+nZ5RP9NtDXfH5d4tlYyYzAM133O3U+eVcyWrvNRzecN9yW58xpCdfMg==}
    engines: {node: '>=22'}
    peerDependencies:
      zod: ^3.25.76 || ^4.1.8

  ansi-colors@4.1.3:
    resolution: {integrity: sha512-/6w/C21Pm1A7aZitlI5Ni/2J6FFQN8i1Cvz3kHABAAbw93v/NlvKdVOqz7CCWz/3iv/JplRSEEZ83XION15ovw==}
    engines: {node: '>=6'}

  ansi-regex@5.0.1:
    resolution: {integrity: sha512-quJQXlTSUGL2LH9SUXo8VwsY4soanhgo6LNSm84E1LBcE8s3O0wpdiRzyR9z/ZZJMlMWv37qOOb9pdJlMUEKFQ==}
    engines: {node: '>=8'}

  ansi-regex@6.3.0:
    resolution: {integrity: sha512-WpDfL7NO6j7tH88IDBNVdUJxDh9nmCteAVW9dsep846XdwF4naCBK+/tGLX3KJgcpgMRXCFlTM2hKGoK9FsdrQ==}
    engines: {node: '>=12'}

  bowser@2.14.1:
    resolution: {integrity: sha512-tzPjzCxygAKWFOJP011oxFHs57HzIhOEracIgAePE4pqB3LikALKnSzUyU4MGs9/iCEUuHlAJTjTc5M+u7YEGg==}

  bun-types@1.4.0:
    resolution: {integrity: sha512-iIKw23BspnQQYd3prITOBxeUsxBHnwzX6YJfGMuNOZzeNcMmVqzIIVGRm1l69ogaPQmb4wB6BN8mA5bE9YuC5Q==}

  call-bind-apply-helpers@1.0.2:
    resolution: {integrity: sha512-Sp1ablJ0ivDkSzjcaJdxEunN5/XvksFJ2sMBFfq6x0ryhQV/2b/KwFe21cMpmHtPOSij8K99/wSfoEuTObmuMQ==}
    engines: {node: '>= 0.4'}

  call-bound@1.0.4:
    resolution: {integrity: sha512-+ys997U96po4Kx/ABpBCqhA9EuxJaQWDQg7295H4hBphv3IZg0boBKuwYpt4YXp6MZ5AmZQnU/tyMTlRpaSejg==}
    engines: {node: '>= 0.4'}

  chalk@6.0.0:
    resolution: {integrity: sha512-2uNTXIuTTxk7ciZgAU1BQcgnchcG0xXnrs6jzkQfj9SsRa9M2s5zE8WT96hS6KmG4MzWHSrvH43DF1m4XRkrFg==}
    engines: {node: '>=22'}

  chrono-node@2.10.1:
    resolution: {integrity: sha512-tPOsBzYVAK5zth+CiHCgp5NGeqRc4mMD8FPthQ5IxkgjPWWxIFdM5odnmfw//IRAzl6C++Xy8olQW7wn5qBR1g==}
    engines: {node: ^12.20.0 || ^14.13.1 || >=16.0.0}

  ci-info@4.4.0:
    resolution: {integrity: sha512-77PSwercCZU2Fc4sX94eF8k8Pxte6JAwL4/ICZLFjJLqegs7kCuAsqqj/70NQF6TvDpgFjkubQB2FW2ZZddvQg==}
    engines: {node: '>=8'}

  cli-table3@0.6.5:
    resolution: {integrity: sha512-+W/5efTR7y5HRD7gACw9yQjqMVvEMLBHmboM/kPWam+H+Hmyrgjh6YncVKK122YZkXrLudzTuAukUw9FnMf7IQ==}
    engines: {node: 10.* || >= 12.*}

  date-fns@4.4.0:
    resolution: {integrity: sha512-+1UMbeh68lH1SegH83CGWwpb6OHHbpSgr3+s5Eww5M4CAgswBpoWS0AjTOfEJ33HiYKz1hdj/KTFprzXHmq/6w==}

  dedent@1.7.2:
    resolution: {integrity: sha512-WzMx3mW98SN+zn3hgemf4OzdmyNhhhKz5Ay0pUfQiMQ3e1g+xmTJWp/pKdwKVXhdSkAEGIIzqeuWrL3mV/AXbA==}
    peerDependencies:
      babel-plugin-macros: ^3.1.0
    peerDependenciesMeta:
      babel-plugin-macros:
        optional: true

  detect-europe-js@0.1.2:
    resolution: {integrity: sha512-lgdERlL3u0aUdHocoouzT10d9I89VVhk0qNRmll7mXdGfJT1/wqZ2ZLA4oJAjeACPY5fT1wsbq2AT+GkuInsow==}

  dunder-proto@1.0.1:
    resolution: {integrity: sha512-KIN/nDJBQRcXw0MLVhZE9iQHmG68qAVIBg9CqmUYjmQIhgij9U5MFvrqkUL5FbtyyzZuOeOt0zdeRe4UY7ct+A==}
    engines: {node: '>= 0.4'}

  emoji-regex@8.0.0:
    resolution: {integrity: sha512-MSjYzcWNOA0ewAHpz0MxpYFvwg6yjy1NG3xteoqz644VCo/RPgnr1/GGt+ic3iJTzQ8Eu3TdM14SawnVUmGE6A==}

  enquirer@2.4.1:
    resolution: {integrity: sha512-rRqJg/6gd538VHvR3PSrdRBb/1Vy2YfzHqzvbhGIQpDRKIa4FgV/54b5Q1xYSxOOwKvjXweS26E0Q+nAMwp2pQ==}
    engines: {node: '>=8.6'}

  es-define-property@1.0.1:
    resolution: {integrity: sha512-e3nRfgfUZ4rNGL232gUgX06QNyyez04KdjFrF+LTRoOXmrOgFKDg4BCdsjW8EnT69eqdYGmRpJwiPVYNrCaW3g==}
    engines: {node: '>= 0.4'}

  es-errors@1.3.0:
    resolution: {integrity: sha512-Zf5H2Kxt2xjTvbJvP2ZWLEICxA6j+hAmMzIlypy4xcBg1vKVnx89Wy0GbS+kf5cwCVFFzdCFh2XSCFNULS6csw==}
    engines: {node: '>= 0.4'}

  es-object-atoms@1.1.2:
    resolution: {integrity: sha512-HWcBoN6NileqtSydK2FqHbS/LoDd2pqrnQHLyJzBj4kOp/ky2MWMN694xOfkK8/SnUsW2DH7EfyVlydKCsm1Zw==}
    engines: {node: '>= 0.4'}

  es-toolkit@1.50.0:
    resolution: {integrity: sha512-OyZKhUVvEep9ITEiwHn8GKnMRQIVqoSIX7WnRbkWgJkllCujilqP2rD0u979tkl8wqyc8ICwlc1UBVv/Sl1G6w==}

  eventsource-parser@3.1.1:
    resolution: {integrity: sha512-EKN1vKAMcZ8MlYMpaNuxN6R9yakzH6uajHcHVTqWJzvu5pWw9DyhbP35HH8MVBQ+dZjAfDxk+A8NiR9KWaXiyQ==}
    engines: {node: '>=18.0.0'}

  function-bind@1.1.2:
    resolution: {integrity: sha512-7XHNxH7qX9xG5mIwxkhumTox/MIRNcOgDrxWsMt2pAr23WHp6MrRlN7FBSFpCpr+oVO0F744iUgR82nJMfG2SA==}

  get-intrinsic@1.3.0:
    resolution: {integrity: sha512-9fSjSaos/fRIVIp+xSJlE6lfwhES7LNtKaCBIamHsjr2na1BiABJPo0mOjjz8GJDURarmCPGqaiVg5mfjb98CQ==}
    engines: {node: '>= 0.4'}

  get-proto@1.0.1:
    resolution: {integrity: sha512-sTSfBjoXBp89JvIKIefqw7U2CCebsc74kiY6awiGogKtoSGbgjYE/G/+l9sF3MWFPNc9IcoOC4ODfKHfxFmp0g==}
    engines: {node: '>= 0.4'}

  gopd@1.2.0:
    resolution: {integrity: sha512-ZUKRh6/kUFoAiTAtTYPZJ3hw9wNxx+BIBOijnlG9PnrJsCcSjs1wyyD6vJpaYtgnzDrKYRSqf3OO6Rfa93xsRg==}
    engines: {node: '>= 0.4'}

  has-symbols@1.1.0:
    resolution: {integrity: sha512-1cDNdwJ2Jaohmb3sg4OmKaMBwuC48sYni5HUw2DvsC8LjGTLK9h+eb1X6RyuOHe4hT0ULCW68iomhjUoKUqlPQ==}
    engines: {node: '>= 0.4'}

  hasown@2.0.4:
    resolution: {integrity: sha512-T2UbfbBEF32wiepXIsMlTW9+dDYC6wMh/t/vYA4tuOMKqWz/n3vr1NFSxQiyP+zk2mXsoMA/i/7qV6LKut1t1A==}
    engines: {node: '>= 0.4'}

  ipaddr.js@2.4.0:
    resolution: {integrity: sha512-9VGk3HGanVE6JoZXHiCpnGy5X0jYDnN4EA4lntFPj+1vIWlFhIylq2CrrCOJH9EAhc5CYhq18F2Av2tgoAPsYQ==}
    engines: {node: '>= 10'}

  is-fullwidth-code-point@3.0.0:
    resolution: {integrity: sha512-zymm5+u+sCsSWyD9qNaejV3DFvhCKclKdizYaJUuHA83RLjb7nSuGnddCHGv0hk+KY7BMAlsWeK4Ueg6EV6XQg==}
    engines: {node: '>=8'}

  is-standalone-pwa@0.1.1:
    resolution: {integrity: sha512-9Cbovsa52vNQCjdXOzeQq5CnCbAcRk05aU62K20WO372NrTv0NxibLFCK6lQ4/iZEFdEA3p3t2VNOn8AJ53F5g==}

  jose@6.2.10:
    resolution: {integrity: sha512-iiW7J9qRFlGxvCOIBDBDxFePQSn7ZMAnrYGhrrOo6siO/MIqwfyilLR27pkfDgUk+raLuzADS8A3S/KLBisc0g==}

  json-schema@0.4.0:
    resolution: {integrity: sha512-es94M3nTIfsEPisRafak+HDLfHXnKBhV3vU5eqPcS3flIWqcxJWgXHXiey3YrpaNsanY5ei1VoYEbOzijuq9BA==}

  kysely@0.29.5:
    resolution: {integrity: sha512-ooa+eSbBNPTo3MycPEuW5jdrxQdQwdtB3LC3h43FiXQbIry5tR0C5lDG7eealK0E4D7XjrnOP5DIUg/LyjRMYQ==}
    engines: {node: '>=22.0.0'}

  math-intrinsics@1.1.0:
    resolution: {integrity: sha512-/IXtbwEk5HTPyEwyKX6hGkYXxM9nbj64B+ilVJnC/R6B0pH5G4V3b0pVbL7DBj4tkhBAppbQUlf6F6Xl9LHu1g==}
    engines: {node: '>= 0.4'}

  object-inspect@1.13.4:
    resolution: {integrity: sha512-W67iLl4J2EXEGTbfeHCffrjDfitvLANg0UlX3wFUUSTx92KXRFegMHUVgSqE+wvhAbi4WqjGg9czysTV2Epbew==}
    engines: {node: '>= 0.4'}

  pg-connection-string@2.14.0:
    resolution: {integrity: sha512-XwWDGcLRGCXAR8F/AM5bG7Q+A3Wm2s6QeEjlOKZLlH3UYcguiqCWKyWXVag5TLTIjR7oOJUY8kcADaZgWPyLeg==}

  postgres@3.4.9:
    resolution: {integrity: sha512-GD3qdB0x1z9xgFI6cdRD6xu2Sp2WCOEoe3mtnyB5Ee0XrrL5Pe+e4CCnJrRMnL1zYtRDZmQQVbvOttLnKDLnaw==}
    engines: {node: '>=12'}

  qs@6.15.3:
    resolution: {integrity: sha512-O9gl3zCl5h5blw1KGUzQKhA5oUXSl8rwUIM5o0S3nCXMliSvy5Dzx7/DJcI+SwgICv+IneSZwhBh1oSyEHA71A==}
    engines: {node: '>=0.6'}

  side-channel-list@1.0.1:
    resolution: {integrity: sha512-mjn/0bi/oUURjc5Xl7IaWi/OJJJumuoJFQJfDDyO46+hBWsfaVM65TBHq2eoZBhzl9EchxOijpkbRC8SVBQU0w==}
    engines: {node: '>= 0.4'}

  side-channel-map@1.0.1:
    resolution: {integrity: sha512-VCjCNfgMsby3tTdo02nbjtM/ewra6jPHmpThenkTYh8pG9ucZ/1P8So4u4FGBek/BjpOVsDCMoLA/iuBKIFXRA==}
    engines: {node: '>= 0.4'}

  side-channel-weakmap@1.0.2:
    resolution: {integrity: sha512-WPS/HvHQTYnHisLo9McqBHOJk2FkHO/tlpvldyrnem4aeQp4hai3gythswg6p01oSoTl58rcpiFAjF2br2Ak2A==}
    engines: {node: '>= 0.4'}

  side-channel@1.1.1:
    resolution: {integrity: sha512-6x6dK6zJdpTzF4sQeNYxwtvBzf6Eg4GtlesS94HOvTudUeyK2WXAaIfmDgsyslYrRBeFIlsi54AYsFGUuhmvrQ==}
    engines: {node: '>= 0.4'}

  string-width@4.2.3:
    resolution: {integrity: sha512-wKyQRQpjJ0sIp62ErSZdGsjMJWsap5oRNihHhu6G7JVO/9jIB6UyevL+tXuOqrng8j/cxKTWyWUwvSTriiZz/g==}
    engines: {node: '>=8'}

  strip-ansi@6.0.1:
    resolution: {integrity: sha512-Y38VPSHcqkFrCpFnQ9vuSXmquuv5oXOKpGeT6aGrr3o3Gc9AlVa6JBfUSOCnbxGGZF+/0ooI7KrPuUSztUdU5A==}
    engines: {node: '>=8'}

  strip-ansi@7.2.0:
    resolution: {integrity: sha512-yDPMNjp4WyfYBkHnjIRLfca1i6KMyGCtsVgoKe/z1+6vukgaENdgGBZt+ZmKPc4gavvEZ5OgHfHdrazhgNyG7w==}
    engines: {node: '>=12'}

  tiny-invariant@1.3.3:
    resolution: {integrity: sha512-+FbBPE1o9QAYvviau/qC5SE3caw21q3xkvWKBtja5vgqOWIHHJ3ioaq1VPfn/Szqctz2bU/oYeKd9/z5BL+PVg==}

  treeify@1.1.0:
    resolution: {integrity: sha512-1m4RA7xVAJrSGrrXGs0L3YTwyvBs2S8PbRHaLZAkFw7JR8oIFwYtysxlBZhYIa7xSyiYJKZ3iGrrk55cGA3i9A==}
    engines: {node: '>=0.6'}

  ts-pattern@5.9.0:
    resolution: {integrity: sha512-6s5V71mX8qBUmlgbrfL33xDUwO0fq48rxAu2LBE11WBeGdpCPOsXksQbZJHvHwhrd3QjUusd3mAOM5Gg0mFBLg==}

  tslib@2.8.1:
    resolution: {integrity: sha512-oJFu94HQb+KVduSUQL7wnpmqnfmLsOA/nAh6b6EH0wCEoK0/mPeXU6c3wKDV83MkOuHPRHtSXKKU99IBazS/2w==}

  typescript@6.0.3:
    resolution: {integrity: sha512-y2TvuxSZPDyQakkFRPZHKFm+KKVqIisdg9/CZwm9ftvKXLP8NRWj38/ODjNbr43SsoXqNuAisEf1GdCxqWcdBw==}
    engines: {node: '>=14.17'}
    hasBin: true

  ua-is-frozen@0.1.2:
    resolution: {integrity: sha512-RwKDW2p3iyWn4UbaxpP2+VxwqXh0jpvdxsYpZ5j/MLLiQOfbsV5shpgQiw93+KMYQPcteeMQ289MaAFzs3G9pw==}

  ua-parser-js@2.0.10:
    resolution: {integrity: sha512-t+3Ktbq0Ies2vaSezfOaWiolH4OigQIO1dk+1xDpOydB1COVPocVYOrEV5rqZ0kFY9XYG1v9LutCyMgYBpABcw==}
    hasBin: true

  undici-types@8.3.0:
    resolution: {integrity: sha512-j375ScV60dom+YkPFIfTLcOiPxkN/buHz5GobjLhixFuANaNs3C9l4GmrWqejgXWJ7BbJcFYpTEUkS1Ge8bpZQ==}

  yaml@2.9.0:
    resolution: {integrity: sha512-2AvhNX3mb8zd6Zy7INTtSpl1F15HW6Wnqj0srWlkKLcpYl/gMIMJiyuGq2KeI2YFxUPjdlB+3Lc10seMLtL4cA==}
    engines: {node: '>= 14.6'}
    hasBin: true

  yocto-spinner@1.2.2:
    resolution: {integrity: sha512-DODGl1wJjA/s5pnJFKau9lIYHT81lnhob1i3e1TjxZRxEhWRKl74nTbWE6H5KlkViQQTo/Z29YFdxzTZAMY3ng==}
    engines: {node: '>=18.19'}

  yoctocolors@2.2.0:
    resolution: {integrity: sha512-xYqdZFUK/VYazNl/oCDYN+3WloWQwMfZxBoiNt6qNyk+xfOdi598muWE42rNZFp1kNOiqW936q5RhUdnpqElSg==}
    engines: {node: '>=18'}

  zod-config@1.4.0:
    resolution: {integrity: sha512-1+SlrNzoWeid0/t+7hvxmKVK8gVYTiiWjmXYodEdUTADNrmMnvClmkzs2ht0HfZsmDgOv1SYHFwrvyiwsN+3xA==}
    engines: {node: '>=14.0.0'}
    peerDependencies:
      dotenv: '>=15'
      json5: '>=2'
      smol-toml: ^1.x
      yaml: ^2.x
      zod: ^3.25.0 || ^4.0.0
    peerDependenciesMeta:
      dotenv:
        optional: true
      json5:
        optional: true
      smol-toml:
        optional: true
      yaml:
        optional: true

  zod@4.4.3:
    resolution: {integrity: sha512-ytENFjIJFl2UwYglde2jchW2Hwm4GJFLDiSXWdTrJQBIN9Fcyp7n4DhxJEiWNAJMV1/BqWfW/kkg71UDcHJyTQ==}

snapshots:

  '@ai-sdk/anthropic@4.0.12(zod@4.4.3)':
    dependencies:
      '@ai-sdk/provider': 4.0.3
      '@ai-sdk/provider-utils': 5.0.7(zod@4.4.3)
      zod: 4.4.3

  '@ai-sdk/gateway@4.0.16(zod@4.4.3)':
    dependencies:
      '@ai-sdk/provider': 4.0.3
      '@ai-sdk/provider-utils': 5.0.7(zod@4.4.3)
      '@vercel/oidc': 3.2.0
      zod: 4.4.3

  '@ai-sdk/provider-utils@5.0.7(zod@4.4.3)':
    dependencies:
      '@ai-sdk/provider': 4.0.3
      '@standard-schema/spec': 1.1.0
      '@workflow/serde': 4.1.0
      eventsource-parser: 3.1.1
      zod: 4.4.3

  '@ai-sdk/provider@4.0.3':
    dependencies:
      json-schema: 0.4.0

  '@aws-sdk/checksums@3.1000.29':
    dependencies:
      '@aws-sdk/core': 3.977.9
      '@aws-sdk/types': 3.974.5
      '@smithy/core': 3.33.3
      '@smithy/types': 4.17.2
      tslib: 2.8.1

  '@aws-sdk/client-s3@3.1120.0':
    dependencies:
      '@aws-sdk/checksums': 3.1000.29
      '@aws-sdk/core': 3.977.9
      '@aws-sdk/credential-provider-node': 3.972.81
      '@aws-sdk/middleware-sdk-s3': 3.972.75
      '@aws-sdk/signature-v4-multi-region': 3.996.46
      '@aws-sdk/types': 3.974.5
      '@smithy/core': 3.33.3
      '@smithy/fetch-http-handler': 5.7.2
      '@smithy/node-http-handler': 4.11.3
      '@smithy/types': 4.17.2
      tslib: 2.8.1

  '@aws-sdk/core@3.977.9':
    dependencies:
      '@aws-sdk/types': 3.974.5
      '@aws-sdk/xml-builder': 3.972.40
      '@aws/lambda-invoke-store': 0.3.0
      '@smithy/core': 3.33.3
      '@smithy/signature-v4': 5.7.3
      '@smithy/types': 4.17.2
      bowser: 2.14.1
      tslib: 2.8.1

  '@aws-sdk/credential-provider-env@3.972.70':
    dependencies:
      '@aws-sdk/core': 3.977.9
      '@aws-sdk/types': 3.974.5
      '@smithy/core': 3.33.3
      '@smithy/types': 4.17.2
      tslib: 2.8.1

  '@aws-sdk/credential-provider-http@3.972.72':
    dependencies:
      '@aws-sdk/core': 3.977.9
      '@aws-sdk/types': 3.974.5
      '@smithy/core': 3.33.3
      '@smithy/fetch-http-handler': 5.7.2
      '@smithy/node-http-handler': 4.11.3
      '@smithy/types': 4.17.2
      tslib: 2.8.1

  '@aws-sdk/credential-provider-ini@3.973.15':
    dependencies:
      '@aws-sdk/core': 3.977.9
      '@aws-sdk/credential-provider-env': 3.972.70
      '@aws-sdk/credential-provider-http': 3.972.72
      '@aws-sdk/credential-provider-login': 3.972.77
      '@aws-sdk/credential-provider-process': 3.972.70
      '@aws-sdk/credential-provider-sso': 3.973.14
      '@aws-sdk/credential-provider-web-identity': 3.972.76
      '@aws-sdk/nested-clients': 3.997.44
      '@aws-sdk/types': 3.974.5
      '@smithy/core': 3.33.3
      '@smithy/credential-provider-imds': 4.5.2
      '@smithy/types': 4.17.2
      tslib: 2.8.1

  '@aws-sdk/credential-provider-login@3.972.77':
    dependencies:
      '@aws-sdk/core': 3.977.9
      '@aws-sdk/nested-clients': 3.997.44
      '@aws-sdk/types': 3.974.5
      '@smithy/core': 3.33.3
      '@smithy/types': 4.17.2
      tslib: 2.8.1

  '@aws-sdk/credential-provider-node@3.972.81':
    dependencies:
      '@aws-sdk/credential-provider-env': 3.972.70
      '@aws-sdk/credential-provider-http': 3.972.72
      '@aws-sdk/credential-provider-ini': 3.973.15
      '@aws-sdk/credential-provider-process': 3.972.70
      '@aws-sdk/credential-provider-sso': 3.973.14
      '@aws-sdk/credential-provider-web-identity': 3.972.76
      '@aws-sdk/types': 3.974.5
      '@smithy/core': 3.33.3
      '@smithy/credential-provider-imds': 4.5.2
      '@smithy/types': 4.17.2
      tslib: 2.8.1

  '@aws-sdk/credential-provider-process@3.972.70':
    dependencies:
      '@aws-sdk/core': 3.977.9
      '@aws-sdk/types': 3.974.5
      '@smithy/core': 3.33.3
      '@smithy/types': 4.17.2
      tslib: 2.8.1

  '@aws-sdk/credential-provider-sso@3.973.14':
    dependencies:
      '@aws-sdk/core': 3.977.9
      '@aws-sdk/nested-clients': 3.997.44
      '@aws-sdk/token-providers': 3.1116.0
      '@aws-sdk/types': 3.974.5
      '@smithy/core': 3.33.3
      '@smithy/types': 4.17.2
      tslib: 2.8.1

  '@aws-sdk/credential-provider-web-identity@3.972.76':
    dependencies:
      '@aws-sdk/core': 3.977.9
      '@aws-sdk/nested-clients': 3.997.44
      '@aws-sdk/types': 3.974.5
      '@smithy/core': 3.33.3
      '@smithy/types': 4.17.2
      tslib: 2.8.1

  '@aws-sdk/middleware-sdk-s3@3.972.75':
    dependencies:
      '@aws-sdk/core': 3.977.9
      '@aws-sdk/signature-v4-multi-region': 3.996.46
      '@aws-sdk/types': 3.974.5
      '@smithy/core': 3.33.3
      '@smithy/types': 4.17.2
      tslib: 2.8.1

  '@aws-sdk/nested-clients@3.997.44':
    dependencies:
      '@aws-sdk/core': 3.977.9
      '@aws-sdk/signature-v4-multi-region': 3.996.46
      '@aws-sdk/types': 3.974.5
      '@smithy/core': 3.33.3
      '@smithy/fetch-http-handler': 5.7.2
      '@smithy/node-http-handler': 4.11.3
      '@smithy/types': 4.17.2
      tslib: 2.8.1

  '@aws-sdk/signature-v4-multi-region@3.996.46':
    dependencies:
      '@aws-sdk/types': 3.974.5
      '@smithy/signature-v4': 5.7.3
      '@smithy/types': 4.17.2
      tslib: 2.8.1

  '@aws-sdk/token-providers@3.1116.0':
    dependencies:
      '@aws-sdk/core': 3.977.9
      '@aws-sdk/nested-clients': 3.997.44
      '@aws-sdk/types': 3.974.5
      '@smithy/core': 3.33.3
      '@smithy/types': 4.17.2
      tslib: 2.8.1

  '@aws-sdk/types@3.974.5':
    dependencies:
      '@smithy/types': 4.17.2
      tslib: 2.8.1

  '@aws-sdk/xml-builder@3.972.40':
    dependencies:
      '@smithy/types': 4.17.2
      tslib: 2.8.1

  '@aws/lambda-invoke-store@0.3.0': {}

  '@colors/colors@1.5.0':
    optional: true

  '@dotenvx/dotenvx@2.22.0':
    dependencies:
      '@dotenvx/primitives': 2.2.0
      '@dotenvx/tooling': 1.0.3
      yocto-spinner: 1.2.2

  '@dotenvx/primitives@2.2.0': {}

  '@dotenvx/tooling@1.0.3': {}

  '@neondatabase/serverless@1.1.0': {}

  '@smithy/core@3.33.3':
    dependencies:
      '@smithy/types': 4.17.2
      tslib: 2.8.1

  '@smithy/credential-provider-imds@4.5.2':
    dependencies:
      '@smithy/core': 3.33.3
      '@smithy/types': 4.17.2
      tslib: 2.8.1

  '@smithy/fetch-http-handler@5.7.2':
    dependencies:
      '@smithy/core': 3.33.3
      '@smithy/types': 4.17.2
      tslib: 2.8.1

  '@smithy/node-http-handler@4.11.3':
    dependencies:
      '@smithy/core': 3.33.3
      '@smithy/types': 4.17.2
      tslib: 2.8.1

  '@smithy/signature-v4@5.7.3':
    dependencies:
      '@smithy/core': 3.33.3
      '@smithy/types': 4.17.2
      tslib: 2.8.1

  '@smithy/types@4.17.2':
    dependencies:
      tslib: 2.8.1

  '@standard-schema/spec@1.1.0': {}

  '@stricli/auto-complete@1.3.0':
    dependencies:
      '@stricli/core': 1.3.0

  '@stricli/core@1.3.0': {}

  '@types/bun@1.4.0':
    dependencies:
      bun-types: 1.4.0

  '@types/node@26.4.0':
    dependencies:
      undici-types: 8.3.0

  '@types/qs@6.15.1': {}

  '@types/treeify@1.0.3': {}

  '@vercel/detect-agent@1.2.5': {}

  '@vercel/oidc@3.2.0': {}

  '@workflow/serde@4.1.0': {}

  '@xata.io/ai@0.1.1':
    dependencies:
      '@ai-sdk/anthropic': 4.0.12(zod@4.4.3)
      ai: 7.0.22(zod@4.4.3)
      zod: 4.4.3

  '@xata.io/api@0.1.11':
    dependencies:
      '@dotenvx/dotenvx': 2.22.0
      '@xata.io/lang': 0.0.4
      zod: 4.4.3

  '@xata.io/config@0.0.12':
    dependencies:
      '@xata.io/pii': 0.0.1
      '@xata.io/sql': 0.2.7

  '@xata.io/lang@0.0.4':
    dependencies:
      date-fns: 4.4.0
      es-toolkit: 1.50.0
      ipaddr.js: 2.4.0

  '@xata.io/pgroll@0.9.1':
    dependencies:
      zod: 4.4.3

  '@xata.io/pgstream@0.2.3':
    dependencies:
      zod: 4.4.3

  '@xata.io/pii@0.0.1': {}

  '@xata.io/sql@0.2.7':
    dependencies:
      '@neondatabase/serverless': 1.1.0
      '@types/qs': 6.15.1
      '@xata.io/api': 0.1.11
      '@xata.io/pgroll': 0.9.1
      kysely: 0.29.5
      qs: 6.15.3
      zod: 4.4.3

  '@xata.io/test-utils@0.0.15':
    dependencies:
      '@neondatabase/serverless': 1.1.0
      '@xata.io/api': 0.1.11
      '@xata.io/lang': 0.0.4
      '@xata.io/sql': 0.2.7
      '@xata.io/utils': 0.2.1

  '@xata.io/tsconfig@0.0.2': {}

  '@xata.io/utils@0.2.1':
    dependencies:
      '@xata.io/lang': 0.0.4
      tiny-invariant: 1.3.3
      ua-parser-js: 2.0.10
      zod: 4.4.3

  ai@7.0.22(zod@4.4.3):
    dependencies:
      '@ai-sdk/gateway': 4.0.16(zod@4.4.3)
      '@ai-sdk/provider': 4.0.3
      '@ai-sdk/provider-utils': 5.0.7(zod@4.4.3)
      zod: 4.4.3

  ansi-colors@4.1.3: {}

  ansi-regex@5.0.1: {}

  ansi-regex@6.3.0: {}

  bowser@2.14.1: {}

  bun-types@1.4.0:
    dependencies:
      '@types/node': 26.4.0

  call-bind-apply-helpers@1.0.2:
    dependencies:
      es-errors: 1.3.0
      function-bind: 1.1.2

  call-bound@1.0.4:
    dependencies:
      call-bind-apply-helpers: 1.0.2
      get-intrinsic: 1.3.0

  chalk@6.0.0: {}

  chrono-node@2.10.1: {}

  ci-info@4.4.0: {}

  cli-table3@0.6.5:
    dependencies:
      string-width: 4.2.3
    optionalDependencies:
      '@colors/colors': 1.5.0

  date-fns@4.4.0: {}

  dedent@1.7.2: {}

  detect-europe-js@0.1.2: {}

  dunder-proto@1.0.1:
    dependencies:
      call-bind-apply-helpers: 1.0.2
      es-errors: 1.3.0
      gopd: 1.2.0

  emoji-regex@8.0.0: {}

  enquirer@2.4.1:
    dependencies:
      ansi-colors: 4.1.3
      strip-ansi: 6.0.1

  es-define-property@1.0.1: {}

  es-errors@1.3.0: {}

  es-object-atoms@1.1.2:
    dependencies:
      es-errors: 1.3.0

  es-toolkit@1.50.0: {}

  eventsource-parser@3.1.1: {}

  function-bind@1.1.2: {}

  get-intrinsic@1.3.0:
    dependencies:
      call-bind-apply-helpers: 1.0.2
      es-define-property: 1.0.1
      es-errors: 1.3.0
      es-object-atoms: 1.1.2
      function-bind: 1.1.2
      get-proto: 1.0.1
      gopd: 1.2.0
      has-symbols: 1.1.0
      hasown: 2.0.4
      math-intrinsics: 1.1.0

  get-proto@1.0.1:
    dependencies:
      dunder-proto: 1.0.1
      es-object-atoms: 1.1.2

  gopd@1.2.0: {}

  has-symbols@1.1.0: {}

  hasown@2.0.4:
    dependencies:
      function-bind: 1.1.2

  ipaddr.js@2.4.0: {}

  is-fullwidth-code-point@3.0.0: {}

  is-standalone-pwa@0.1.1: {}

  jose@6.2.10: {}

  json-schema@0.4.0: {}

  kysely@0.29.5: {}

  math-intrinsics@1.1.0: {}

  object-inspect@1.13.4: {}

  pg-connection-string@2.14.0: {}

  postgres@3.4.9: {}

  qs@6.15.3:
    dependencies:
      es-define-property: 1.0.1
      side-channel: 1.1.1

  side-channel-list@1.0.1:
    dependencies:
      es-errors: 1.3.0
      object-inspect: 1.13.4

  side-channel-map@1.0.1:
    dependencies:
      call-bound: 1.0.4
      es-errors: 1.3.0
      get-intrinsic: 1.3.0
      object-inspect: 1.13.4

  side-channel-weakmap@1.0.2:
    dependencies:
      call-bound: 1.0.4
      es-errors: 1.3.0
      get-intrinsic: 1.3.0
      object-inspect: 1.13.4
      side-channel-map: 1.0.1

  side-channel@1.1.1:
    dependencies:
      es-errors: 1.3.0
      object-inspect: 1.13.4
      side-channel-list: 1.0.1
      side-channel-map: 1.0.1
      side-channel-weakmap: 1.0.2

  string-width@4.2.3:
    dependencies:
      emoji-regex: 8.0.0
      is-fullwidth-code-point: 3.0.0
      strip-ansi: 6.0.1

  strip-ansi@6.0.1:
    dependencies:
      ansi-regex: 5.0.1

  strip-ansi@7.2.0:
    dependencies:
      ansi-regex: 6.3.0

  tiny-invariant@1.3.3: {}

  treeify@1.1.0: {}

  ts-pattern@5.9.0: {}

  tslib@2.8.1: {}

  typescript@6.0.3: {}

  ua-is-frozen@0.1.2: {}

  ua-parser-js@2.0.10:
    dependencies:
      detect-europe-js: 0.1.2
      is-standalone-pwa: 0.1.1
      ua-is-frozen: 0.1.2

  undici-types@8.3.0: {}

  yaml@2.9.0: {}

  yocto-spinner@1.2.2:
    dependencies:
      yoctocolors: 2.2.0

  yoctocolors@2.2.0: {}

  zod-config@1.4.0(yaml@2.9.0)(zod@4.4.3):
    dependencies:
      zod: 4.4.3
    optionalDependencies:
      yaml: 2.9.0

  zod@4.4.3: {}
