lockfileVersion: '9.0'

settings:
  autoInstallPeers: true
  excludeLinksFromLockfile: false

importers:

  .:
    dependencies:
      '@dotenvx/dotenvx':
        specifier: 2.3.4
        version: 2.3.4
      '@stricli/auto-complete':
        specifier: 1.2.9
        version: 1.2.9
      '@stricli/core':
        specifier: 1.2.9
        version: 1.2.9
      '@vercel/detect-agent':
        specifier: 1.2.3
        version: 1.2.3
      '@xata.io/ai':
        specifier: 0.1.0
        version: 0.1.0
      '@xata.io/api':
        specifier: 0.1.1
        version: 0.1.1
      '@xata.io/config':
        specifier: 0.0.1
        version: 0.0.1
      '@xata.io/lang':
        specifier: 0.0.1
        version: 0.0.1
      '@xata.io/pgroll':
        specifier: 0.9.0
        version: 0.9.0
      '@xata.io/pgstream':
        specifier: 0.2.0
        version: 0.2.0
      '@xata.io/sql':
        specifier: 0.1.4
        version: 0.1.4
      '@xata.io/test-utils':
        specifier: 0.0.1
        version: 0.0.1
      '@xata.io/tsconfig':
        specifier: 0.0.1
        version: 0.0.1
      '@xata.io/utils':
        specifier: 0.1.0
        version: 0.1.0
      chalk:
        specifier: 5.6.2
        version: 5.6.2
      chrono-node:
        specifier: 2.9.1
        version: 2.9.1
      ci-info:
        specifier: 4.4.0
        version: 4.4.0
      cli-table3:
        specifier: 0.6.5
        version: 0.6.5
      dedent:
        specifier: 1.7.2
        version: 1.7.2
      enquirer:
        specifier: 2.4.1
        version: 2.4.1
      is-reachable:
        specifier: 6.1.0
        version: 6.1.0
      jose:
        specifier: 6.2.3
        version: 6.2.3
      pg-connection-string:
        specifier: 2.14.0
        version: 2.14.0
      postgres:
        specifier: 3.4.9
        version: 3.4.9
      strip-ansi:
        specifier: 7.2.0
        version: 7.2.0
      tiny-invariant:
        specifier: 1.3.3
        version: 1.3.3
      treeify:
        specifier: 1.1.0
        version: 1.1.0
      ts-pattern:
        specifier: 5.9.0
        version: 5.9.0
      typescript:
        specifier: 6.0.x
        version: 6.0.3
      yaml:
        specifier: 2.9.0
        version: 2.9.0
      zod:
        specifier: 4.4.3
        version: 4.4.3
      zod-config:
        specifier: 1.4.0
        version: 1.4.0(dotenv@17.4.2)(yaml@2.9.0)(zod@4.4.3)
    devDependencies:
      '@aws-sdk/client-s3':
        specifier: 3.1084.0
        version: 3.1084.0
      '@types/bun':
        specifier: 1.3.14
        version: 1.3.14
      '@types/node':
        specifier: 26.1.1
        version: 26.1.1
      '@types/treeify':
        specifier: 1.0.3
        version: 1.0.3

packages:

  '@ai-sdk/anthropic@3.0.67':
    resolution: {integrity: sha512-FFX4P5Fd6lcQJc2OLngZQkbbJHa0IDDZi087Edb8qRZx6h90krtM61ArbMUL8us/7ZUwojCXnyJ/wQ2Eflx2jQ==}
    engines: {node: '>=18'}
    peerDependencies:
      zod: ^3.25.76 || ^4.1.8

  '@ai-sdk/gateway@3.0.91':
    resolution: {integrity: sha512-J39Dh6Gyg6HjG3A7OFKnJMp3QyZ3Eex+XDiX8aFBdRwwZm3jGWaMhkCxQPH7yiQ9kRiErZwHXX/Oexx4SyGGGA==}
    engines: {node: '>=18'}
    peerDependencies:
      zod: ^3.25.76 || ^4.1.8

  '@ai-sdk/provider-utils@4.0.23':
    resolution: {integrity: sha512-z8GlDaCmRSDlqkMF2f4/RFgWxdarvIbyuk+m6WXT1LYgsnGiXRJGTD2Z1+SDl3LqtFuRtGX1aghYvQLoHL/9pg==}
    engines: {node: '>=18'}
    peerDependencies:
      zod: ^3.25.76 || ^4.1.8

  '@ai-sdk/provider@3.0.8':
    resolution: {integrity: sha512-oGMAgGoQdBXbZqNG0Ze56CHjDZ1IDYOwGYxYjO5KLSlz5HiNQ9udIXsPZ61VWaHGZ5XW/jyjmr6t2xz2jGVwbQ==}
    engines: {node: '>=18'}

  '@aws-sdk/checksums@3.1000.19':
    resolution: {integrity: sha512-Hc4N100RdkuWshKBnhPzmpdftfi9mCLz+OHFELHM1QIgMH4QRUUWyWgfiebta/YX2Bd62wTcm3EqAP8TeXv0gA==}
    engines: {node: '>=20.0.0'}

  '@aws-sdk/client-s3@3.1084.0':
    resolution: {integrity: sha512-W8KZlbU3vL4N0rZnXqryH5Ft3fkBnGypaorZmFxBoZRMGkwtvRBGiSnNXu1/1a/j/qZNwwt6LLNBWQQysB/pRg==}
    engines: {node: '>=20.0.0'}

  '@aws-sdk/core@3.976.0':
    resolution: {integrity: sha512-0cjRaEdlVoOrsNb9pP5q1Syyc8pXw5xSj2Np2ryReRTr9FppIIRVSdZK4lbnfmc2Hvgux/xBOUU6baB7z8//uA==}
    engines: {node: '>=20.0.0'}

  '@aws-sdk/credential-provider-env@3.972.60':
    resolution: {integrity: sha512-BAkxdoe7tpDDqCghGpuOeHQRbm/2znVvOQm0AvpQbA2tbfMN46doN4zx65fv85ImP3KADwc2zQPmbrlI9MPfMg==}
    engines: {node: '>=20.0.0'}

  '@aws-sdk/credential-provider-http@3.972.62':
    resolution: {integrity: sha512-g/0fGqKTb9xpKdd9AtpmV5Eo3DFKbnkpA2+w0peISSlu7NfAoWOuYBFxsu+yWBtxU89ka55ezoZBCbFaS8pjYQ==}
    engines: {node: '>=20.0.0'}

  '@aws-sdk/credential-provider-ini@3.973.5':
    resolution: {integrity: sha512-ylubazcRfq2TVus/qXucSXeC42Qdjp5HQxTu68K/BsdMiZlcSLD1zkpoCgApXZX1Y6YJhtGGs7ZHhO/GuIgBlw==}
    engines: {node: '>=20.0.0'}

  '@aws-sdk/credential-provider-login@3.972.67':
    resolution: {integrity: sha512-CCygIKJ9YbI3n84OClSaSppkgKKHVj2TGT33c6FRORZrYNZQ1POmD+ip0FLYokiJAK7sSdc3YVkOsBm90oxWMQ==}
    engines: {node: '>=20.0.0'}

  '@aws-sdk/credential-provider-node@3.972.71':
    resolution: {integrity: sha512-HIg7Q2osBzajQwL+1Vkyh2E7Gim3eTNb9RHIsOxDGjW0eZg4oEKtRs5sioCnc73ilhaOm4gX2lHVF8J7+nt2rg==}
    engines: {node: '>=20.0.0'}

  '@aws-sdk/credential-provider-process@3.972.60':
    resolution: {integrity: sha512-YIo3f99hM43QdYG8hDzwGemnR/pU95b0kramqSJUTleCqaB7+HwKf7YZFHqvOgTqZTPx/mRmNIqoDRr3U0Z3Tw==}
    engines: {node: '>=20.0.0'}

  '@aws-sdk/credential-provider-sso@3.973.4':
    resolution: {integrity: sha512-BPdmL8sSBOCv4ngZ+3LHxyc3CNqDCEK37CHioCk7zGrTMY5sUtkH8q+o6qA80nn6w3/fyBPGNE7OIRlmoOxRQA==}
    engines: {node: '>=20.0.0'}

  '@aws-sdk/credential-provider-web-identity@3.972.66':
    resolution: {integrity: sha512-kSAziJboOmZmsR9/MTbiNjowl2BPes1bQuJpne4qAZ62ubi8fjfr/aupJSQje6udBoYxXTQbsL0e0kby2la3ng==}
    engines: {node: '>=20.0.0'}

  '@aws-sdk/middleware-sdk-s3@3.972.65':
    resolution: {integrity: sha512-udwNhRfDTfCB98mAHjjgsnKQlxygB4e0X+Obne/XjJpvVsF0YCQC8ZErd/8Z6IPoLQjtiKHzwqEDbZiLrJEnOg==}
    engines: {node: '>=20.0.0'}

  '@aws-sdk/nested-clients@3.997.34':
    resolution: {integrity: sha512-Y9REVrSwmLM+Qy6sZJ7ofMC2S3Hr3tPP/4CzL5U1olPP7OGoF+6+Px0E49cVQBtSxJtyeLJMf0UaBErfeSahAA==}
    engines: {node: '>=20.0.0'}

  '@aws-sdk/signature-v4-multi-region@3.996.41':
    resolution: {integrity: sha512-QMUytg+FQMGouc8gHS00KoYih3+N6cqmVI/pQGOIo7Nr7OpQaiXjSYOuL+vsPZ1tymY4LAQ8MYcHJmws5LRxng==}
    engines: {node: '>=20.0.0'}

  '@aws-sdk/token-providers@3.1092.0':
    resolution: {integrity: sha512-hBYUAr6iBLNFcsiWTgtBb0stdSw39VOUq4Sp4A5caCNf66BAZplWN4FleKrVpJx5li2YgdnK2DqoFSMWC642FQ==}
    engines: {node: '>=20.0.0'}

  '@aws-sdk/types@3.974.2':
    resolution: {integrity: sha512-3W6IUtSxFbH6X7Wb7DzGCV5QiFQsd0g8bOfntpmDxQlzBoKWUMBu/JPQR0DwkE+Hpnxd6db1tXbOwdeHddG6cA==}
    engines: {node: '>=20.0.0'}

  '@aws-sdk/xml-builder@3.972.36':
    resolution: {integrity: sha512-RdGmS1GLrtaTOLE1ElSluMldNrpk9Emq6uYs8SS8iHlu5xTAmM9rRkM91o48+rIRryBtyO9t+uLYCoMG6jVMVA==}
    engines: {node: '>=20.0.0'}

  '@aws/lambda-invoke-store@0.3.0':
    resolution: {integrity: sha512-sl4Bm6yiMNYrZKkqqDFWN0UfnWhlS8ivKxrYl+6t0gCLrqr8y3B2IqZZbFRkfaVVp7C/baApyh71P+LeE1A2sQ==}
    engines: {node: '>=18.0.0'}

  '@colors/colors@1.5.0':
    resolution: {integrity: sha512-ooWCrlZP11i8GImSjTHYHLkvFDP48nS4+204nGb1RiX/WXYHmJA2III9/e2DWVabCESdW7hBAEzHRqUn9OUVvQ==}
    engines: {node: '>=0.1.90'}

  '@dotenvx/dotenvx@1.71.3':
    resolution: {integrity: sha512-WSmox5aD+XxJEUEOTk7gKLpd5+Iz9Nik89Zpbu5DijMln6LsFiv3xpNKBMc/b9sSkUlKvAblzrhik2TqKFE7NA==}
    hasBin: true

  '@dotenvx/dotenvx@2.3.4':
    resolution: {integrity: sha512-Yb8vBLQK/EbArDf/NrbS6poCHlcumUOrXelCcR217f+tjdC+dHz3pOaKzCtRm1GGQPF42j5pWNsGNgjZaxl2mw==}
    hasBin: true

  '@dotenvx/primitives@1.10.0':
    resolution: {integrity: sha512-QhA2HUFiL7FJTUklspNRt2B/hVoBaQGt4tkWuOTI/NMLuohNOG9CR8wVOhVQyJPBIQMK/HhdmUklRjDKzhS7Nw==}

  '@dotenvx/tooling@1.0.3':
    resolution: {integrity: sha512-Gd6qQol/ICb4MPRWpiIH56y+pR9AVB7kPBkbhrLSGLtAiF4Qgy+k651/f2pze0Xbm3H5XewbPfIm4y9K+ic30Q==}

  '@ecies/ciphers@0.2.6':
    resolution: {integrity: sha512-patgsRPKGkhhoBjETV4XxD0En4ui5fbX0hzayqI3M8tvNMGUoUvmyYAIWwlxBc1KX5cturfqByYdj5bYGRpN9g==}
    engines: {bun: '>=1', deno: '>=2.7.10', node: '>=16'}
    peerDependencies:
      '@noble/ciphers': ^1.0.0

  '@neondatabase/serverless@1.1.0':
    resolution: {integrity: sha512-r3ZZhRjEcfEdKIZnoB1RusNgvHuaBRqfCzV4Gi+5A9yUX0S4HTws/ASWqt13wL4y4I+0rqsWGdA2w7EQXHi3+Q==}
    engines: {node: '>=19.0.0'}

  '@noble/ciphers@1.3.0':
    resolution: {integrity: sha512-2I0gnIVPtfnMw9ee9h1dJG7tp81+8Ob3OJb3Mv37rx5L40/b0i7djjCVvGOVqc9AEIQyvyu1i6ypKdFw8R8gQw==}
    engines: {node: ^14.21.3 || >=16}

  '@noble/curves@1.9.7':
    resolution: {integrity: sha512-gbKGcRUYIjA3/zCCNaWDciTMFI0dCkvou3TL8Zmy5Nc7sJ47a0jtOeZoTaMxkuqRo9cRhjOdZJXegxYE5FN/xw==}
    engines: {node: ^14.21.3 || >=16}

  '@noble/hashes@1.8.0':
    resolution: {integrity: sha512-jCs9ldd7NwzpgXDIf6P3+NrHh9/sD6CQdxHyjQI+h/6rDNo88ypBxxz45UDuZHz9r3tNz7N/VInSVoVdtXEI4A==}
    engines: {node: ^14.21.3 || >=16}

  '@opentelemetry/api@1.9.0':
    resolution: {integrity: sha512-3giAOQvZiH5F9bMlMiv8+GSPMeqg0dbaeo58/0SlA9sxSqZhnUtxzX9/2FzyhS9sWQf5S0GJE0AKBrFqjpeYcg==}
    engines: {node: '>=8.0.0'}

  '@smithy/core@3.29.8':
    resolution: {integrity: sha512-rpCbCV+TimOBi3VLNBMmtTvgfOWcFIEAru3+TFlG87SL2F+te4jOnnNR+cf3uR4eJ5Qf4LnT80fqnBKgPRS6zA==}
    engines: {node: '>=18.0.0'}

  '@smithy/credential-provider-imds@4.4.13':
    resolution: {integrity: sha512-X+2HNZhWi5i3rJsCas0LPf6fTQUaKyJ40zd8aTO/bwpRfpU3biYaqLr7C1WMibL7PVKJalpi1PyybjGPNoHC8Q==}
    engines: {node: '>=18.0.0'}

  '@smithy/fetch-http-handler@5.6.10':
    resolution: {integrity: sha512-5/Yj9mS2JjTsB3B8ZX7euh77mrY9aXW23ag1yAmFykSRmA6vldqBrgqmSeQ50EjY+5SB8+aE4w14B6LKbBVEhQ==}
    engines: {node: '>=18.0.0'}

  '@smithy/node-http-handler@4.9.10':
    resolution: {integrity: sha512-ETQz9v/Z+nTQc6fRWTXxUpxJqwpmzB3Tn3WKAdHwWkeT+m+HE5czs6GNG8vW+4vyxXSls65RVcvOZwk7Q/PS/Q==}
    engines: {node: '>=18.0.0'}

  '@smithy/signature-v4@5.6.9':
    resolution: {integrity: sha512-g5rnEii/mkT0mjVJmlsaOfyNBtHNTecD9Lo4NP8D5HzMUEnZNpz7/FbvBCjNcV4vteHFAxOGiLUYNxPkDZZAPw==}
    engines: {node: '>=18.0.0'}

  '@smithy/types@4.16.1':
    resolution: {integrity: sha512-0JFs3V2y2M9tKW5na/qxe69Zv+uxLMO7QBbhxF/FHu/Gp2NFZAAL9tWl9PU02xxo07pb3G9FTyjNc6D5uZrJIg==}
    engines: {node: '>=18.0.0'}

  '@standard-schema/spec@1.1.0':
    resolution: {integrity: sha512-l2aFy5jALhniG5HgqrD6jXLi/rUWrKvqN/qJx6yoJsgKhblVd+iqqU4RCXavm/jPityDo5TCvKMnpjKnOriy0w==}

  '@stricli/auto-complete@1.2.9':
    resolution: {integrity: sha512-L8HfAdlzDstARO9M2QfL1dVnRekBCuFDUAm76zP0qT2Q4ccmR1qTCW9eOe3PmF7bvzGa7Qoclqyqcq2xcjmwLw==}
    hasBin: true

  '@stricli/core@1.2.9':
    resolution: {integrity: sha512-vKniyS+0GtarIaUpMRMQ5+Ck9mXeaBqdN/7otznkBTWU0EXfkMJAHt2QdOCmOudR9eciQZQf09DmYm14yfPWzw==}

  '@types/bun@1.3.14':
    resolution: {integrity: sha512-h1hFqFVcvAvD9j9K7ZW7vd82aSA+rTdznZa+5bwvCwqSB1jmmfLcbIWhOLx1/+boy/xmjgCs/OMUL8hRJSmnPw==}

  '@types/node@26.1.1':
    resolution: {integrity: sha512-nxAkRSVkN1Y0JC1W8ky/fTfkGsMmcrRsbx+3XoZE+rMOX71kLYTV7fLXpqud1GpbpP5TuffXFqfX7fH2GgZREw==}

  '@types/qs@6.15.1':
    resolution: {integrity: sha512-GZHUBZR9hckSUhrxmp1nG6NwdpM9fCunJwyThLW1X3AyHgd9IlHb6VANpQQqDr2o/qQp6McZ3y/IA2rVzKzSbw==}

  '@types/treeify@1.0.3':
    resolution: {integrity: sha512-hx0o7zWEUU4R2Amn+pjCBQQt23Khy/Dk56gQU5xi5jtPL1h83ACJCeFaB2M/+WO1AntvWrSoVnnCAfI1AQH4Cg==}

  '@vercel/detect-agent@1.2.3':
    resolution: {integrity: sha512-VYNCgUc0nOmC4WJmWw9GkrKdfr8Zl4/rxhC5SvgacBgxiW9W/9NRttUoHHXV8xdII3MaRgkZZVX8Ikzc/Jmjag==}
    engines: {node: '>=14'}

  '@vercel/oidc@3.1.0':
    resolution: {integrity: sha512-Fw28YZpRnA3cAHHDlkt7xQHiJ0fcL+NRcIqsocZQUSmbzeIKRpwttJjik5ZGanXP+vlA4SbTg+AbA3bP363l+w==}
    engines: {node: '>= 20'}

  '@xata.io/ai@0.1.0':
    resolution: {integrity: sha512-9wCEkOILKdmt4Wd59xOfmFzIZPnKzFUe8bJuEaNRbpt6iLb8vi1+BgURz3CuqBqRwf/DNjWdYg8/1+2wP7pzpw==}

  '@xata.io/api@0.1.1':
    resolution: {integrity: sha512-NyOjFDI3uc0jHKGuPt+b66exKief3TH+fnllcSmjXNspHEGk9jeWUXdHogp4od/9uiro6F14Z1oeZMFFF491yw==}

  '@xata.io/config@0.0.1':
    resolution: {integrity: sha512-S6WhYh+q1MLsLEZAWh3ne3/shEPh5v6PGibhB3k1VGwSgs6V8OoHD2jGdd6HoRwZhSVI+2ErnTwE4hJ2GrqSHQ==}

  '@xata.io/lang@0.0.1':
    resolution: {integrity: sha512-pos/IP7D6sHBCMbreibpA2QN/z0kFsS4EF63mFGU6MU5G5GQ69CStrgGVq+Jg2GoUMBVEg9s/oGgfBGZp1n84w==}

  '@xata.io/pgroll@0.9.0':
    resolution: {integrity: sha512-X49OZGCzZcpxgtHX3/B/UMcMfe6LAfsy3gTYjxgkdqg9tqrOKLlno81MGGrfAAeFqAojkQUYGnwcB0K6VJFNGw==}

  '@xata.io/pgstream@0.2.0':
    resolution: {integrity: sha512-EKXDFmBBFc4C+w5ddtNYWJ2B1yX/MFSKwK7XxAq3yFwxZaNjPvHO651anEXm30roZ1FXMDWhgy5lQ4L4av7vbg==}

  '@xata.io/pii@0.0.0':
    resolution: {integrity: sha512-+FyfneBxFeK9l+AY11cGFxMgrVO+Wgw+StXS4zZgMhq2QpM2Rai0ERSKANsgiik/luq0kwUM16fm2SZZHvLSjQ==}

  '@xata.io/sql@0.1.4':
    resolution: {integrity: sha512-H+5OA4fm3nGmErOGvwIP1s2wrLX1hPblEPTpXOvLjeutBE8/66ZYun9bYQfDY3B98k1MrpJgngJnW7v5O3Lsjg==}

  '@xata.io/test-utils@0.0.1':
    resolution: {integrity: sha512-1xyO4bwrOJZNeFrD3N8Tu5+SQnCzFbAaickHoMlhC+Q0QOKMB4/Q4lBVBOHahIxVRnqycMhUbvwxSRSp5CFkuQ==}

  '@xata.io/tsconfig@0.0.1':
    resolution: {integrity: sha512-iqIWI+OLN0vRZweGehybGheJd+DwZPGSNUFuN4n3NVMLYcjxGmjJf4n8DcbJN9SlG9jZpvbsBzvI07svg3vGGw==}

  '@xata.io/utils@0.1.0':
    resolution: {integrity: sha512-HuFoBWdyksLLjLxBrUzvQih4GG95vZ6yNFEF8LFV2Ixhd7HAigjB0xWMuEGrvYM+03mZBIUsj/j3yTTWg9hSKA==}

  ai@6.0.149:
    resolution: {integrity: sha512-3asRb/m3ZGH7H4+VTuTgj8eQYJZ9IJUmV0ljLslY92mQp6Zj+NVn4SmFj0TBr2Y/wFBWC3xgn++47tSGOXxdbw==}
    engines: {node: '>=18'}
    peerDependencies:
      zod: ^3.25.76 || ^4.1.8

  ansi-colors@4.1.3:
    resolution: {integrity: sha512-/6w/C21Pm1A7aZitlI5Ni/2J6FFQN8i1Cvz3kHABAAbw93v/NlvKdVOqz7CCWz/3iv/JplRSEEZ83XION15ovw==}
    engines: {node: '>=6'}

  ansi-regex@5.0.1:
    resolution: {integrity: sha512-quJQXlTSUGL2LH9SUXo8VwsY4soanhgo6LNSm84E1LBcE8s3O0wpdiRzyR9z/ZZJMlMWv37qOOb9pdJlMUEKFQ==}
    engines: {node: '>=8'}

  ansi-regex@6.2.2:
    resolution: {integrity: sha512-Bq3SmSpyFHaWjPk8If9yc6svM8c56dB5BAtW4Qbw5jHTwwXXcTLoRMkpDJp6VL0XzlWaCHTXrkFURMYmD0sLqg==}
    engines: {node: '>=12'}

  bowser@2.14.1:
    resolution: {integrity: sha512-tzPjzCxygAKWFOJP011oxFHs57HzIhOEracIgAePE4pqB3LikALKnSzUyU4MGs9/iCEUuHlAJTjTc5M+u7YEGg==}

  bun-types@1.3.14:
    resolution: {integrity: sha512-4N0ig0fEomHt5R0KCFWjovxow98rIoRwKolrYdCcknNwMekCXRnWEUvgu5soYV8QXtVsrUD8B95MBOZGPvr6KQ==}

  call-bind-apply-helpers@1.0.2:
    resolution: {integrity: sha512-Sp1ablJ0ivDkSzjcaJdxEunN5/XvksFJ2sMBFfq6x0ryhQV/2b/KwFe21cMpmHtPOSij8K99/wSfoEuTObmuMQ==}
    engines: {node: '>= 0.4'}

  call-bound@1.0.4:
    resolution: {integrity: sha512-+ys997U96po4Kx/ABpBCqhA9EuxJaQWDQg7295H4hBphv3IZg0boBKuwYpt4YXp6MZ5AmZQnU/tyMTlRpaSejg==}
    engines: {node: '>= 0.4'}

  chalk@5.6.2:
    resolution: {integrity: sha512-7NzBL0rN6fMUW+f7A6Io4h40qQlG+xGmtMxfbnH/K7TAtt8JQWVQK+6g0UXKMeVJoyV5EkkNsErQ8pVD3bLHbA==}
    engines: {node: ^12.17.0 || ^14.13 || >=16.0.0}

  chrono-node@2.9.1:
    resolution: {integrity: sha512-nqP8Zp11efCYQIESXPxeDM8ikzN5BDb3Zzou+a66fZq+X2hzKFdsNLQE2/uBAh//BZEMbaMo1eTnagK7hOenAg==}
    engines: {node: ^12.20.0 || ^14.13.1 || >=16.0.0}

  ci-info@4.4.0:
    resolution: {integrity: sha512-77PSwercCZU2Fc4sX94eF8k8Pxte6JAwL4/ICZLFjJLqegs7kCuAsqqj/70NQF6TvDpgFjkubQB2FW2ZZddvQg==}
    engines: {node: '>=8'}

  cli-table3@0.6.5:
    resolution: {integrity: sha512-+W/5efTR7y5HRD7gACw9yQjqMVvEMLBHmboM/kPWam+H+Hmyrgjh6YncVKK122YZkXrLudzTuAukUw9FnMf7IQ==}
    engines: {node: 10.* || >= 12.*}

  commander@11.1.0:
    resolution: {integrity: sha512-yPVavfyCcRhmorC7rWlkHn15b4wDVgVmBA7kV4QVBsF7kv/9TKJAbAXVTxvTnwP8HHKjRCJDClKbciiYS7p0DQ==}
    engines: {node: '>=16'}

  cross-spawn@7.0.6:
    resolution: {integrity: sha512-uV2QOWP2nWzsy2aMp8aRibhi9dlzF5Hgh5SHaB9OiTGEyDTiJJyx0uy51QXdyWbtAHNua4XJzUKca3OzKUd3vA==}
    engines: {node: '>= 8'}

  dedent@1.7.2:
    resolution: {integrity: sha512-WzMx3mW98SN+zn3hgemf4OzdmyNhhhKz5Ay0pUfQiMQ3e1g+xmTJWp/pKdwKVXhdSkAEGIIzqeuWrL3mV/AXbA==}
    peerDependencies:
      babel-plugin-macros: ^3.1.0
    peerDependenciesMeta:
      babel-plugin-macros:
        optional: true

  detect-europe-js@0.1.2:
    resolution: {integrity: sha512-lgdERlL3u0aUdHocoouzT10d9I89VVhk0qNRmll7mXdGfJT1/wqZ2ZLA4oJAjeACPY5fT1wsbq2AT+GkuInsow==}

  dotenv@17.4.2:
    resolution: {integrity: sha512-nI4U3TottKAcAD9LLud4Cb7b2QztQMUEfHbvhTH09bqXTxnSie8WnjPALV/WMCrJZ6UV/qHJ6L03OqO3LcdYZw==}
    engines: {node: '>=12'}

  dunder-proto@1.0.1:
    resolution: {integrity: sha512-KIN/nDJBQRcXw0MLVhZE9iQHmG68qAVIBg9CqmUYjmQIhgij9U5MFvrqkUL5FbtyyzZuOeOt0zdeRe4UY7ct+A==}
    engines: {node: '>= 0.4'}

  eciesjs@0.4.18:
    resolution: {integrity: sha512-wG99Zcfcys9fZux7Cft8BAX/YrOJLJSZ3jyYPfhZHqN2E+Ffx+QXBDsv3gubEgPtV6dTzJMSQUwk1H98/t/0wQ==}
    engines: {bun: '>=1', deno: '>=2', node: '>=16'}

  emoji-regex@8.0.0:
    resolution: {integrity: sha512-MSjYzcWNOA0ewAHpz0MxpYFvwg6yjy1NG3xteoqz644VCo/RPgnr1/GGt+ic3iJTzQ8Eu3TdM14SawnVUmGE6A==}

  enquirer@2.4.1:
    resolution: {integrity: sha512-rRqJg/6gd538VHvR3PSrdRBb/1Vy2YfzHqzvbhGIQpDRKIa4FgV/54b5Q1xYSxOOwKvjXweS26E0Q+nAMwp2pQ==}
    engines: {node: '>=8.6'}

  es-define-property@1.0.1:
    resolution: {integrity: sha512-e3nRfgfUZ4rNGL232gUgX06QNyyez04KdjFrF+LTRoOXmrOgFKDg4BCdsjW8EnT69eqdYGmRpJwiPVYNrCaW3g==}
    engines: {node: '>= 0.4'}

  es-errors@1.3.0:
    resolution: {integrity: sha512-Zf5H2Kxt2xjTvbJvP2ZWLEICxA6j+hAmMzIlypy4xcBg1vKVnx89Wy0GbS+kf5cwCVFFzdCFh2XSCFNULS6csw==}
    engines: {node: '>= 0.4'}

  es-object-atoms@1.1.2:
    resolution: {integrity: sha512-HWcBoN6NileqtSydK2FqHbS/LoDd2pqrnQHLyJzBj4kOp/ky2MWMN694xOfkK8/SnUsW2DH7EfyVlydKCsm1Zw==}
    engines: {node: '>= 0.4'}

  eventsource-parser@3.1.0:
    resolution: {integrity: sha512-kJezFj9YFAMLeORyi7aCLxLbD5/qWMQnoMVlVPyHIll7lgRJCc3JVln9Vgl9nwQi0YkMnhdGTMNn7CkRRAptMg==}
    engines: {node: '>=18.0.0'}

  execa@5.1.1:
    resolution: {integrity: sha512-8uSpZZocAZRBAPIEINJj3Lo9HyGitllczc27Eh5YYojjMFMn8yHMDMaUHE2Jqfq05D/wucwI4JGURyXt1vchyg==}
    engines: {node: '>=10'}

  fdir@6.5.0:
    resolution: {integrity: sha512-tIbYtZbucOs0BRGqPJkshJUYdL+SDH7dVM8gjy+ERp3WAUjLEFJE+02kanyHtwjWOnwrKYBiwAmM0p4kLJAnXg==}
    engines: {node: '>=12.0.0'}
    peerDependencies:
      picomatch: ^3 || ^4
    peerDependenciesMeta:
      picomatch:
        optional: true

  fetch-extras@1.1.0:
    resolution: {integrity: sha512-MBtBhNJVzRvGEUBCs735qZqr2OqHZxqOEUqCYZmQDFvyy06rv2rkvvUoLB2Xq3qDQb7WR3iYNmIxuVsFX+lufA==}
    engines: {node: '>=18.18'}

  function-bind@1.1.2:
    resolution: {integrity: sha512-7XHNxH7qX9xG5mIwxkhumTox/MIRNcOgDrxWsMt2pAr23WHp6MrRlN7FBSFpCpr+oVO0F744iUgR82nJMfG2SA==}

  get-intrinsic@1.3.0:
    resolution: {integrity: sha512-9fSjSaos/fRIVIp+xSJlE6lfwhES7LNtKaCBIamHsjr2na1BiABJPo0mOjjz8GJDURarmCPGqaiVg5mfjb98CQ==}
    engines: {node: '>= 0.4'}

  get-proto@1.0.1:
    resolution: {integrity: sha512-sTSfBjoXBp89JvIKIefqw7U2CCebsc74kiY6awiGogKtoSGbgjYE/G/+l9sF3MWFPNc9IcoOC4ODfKHfxFmp0g==}
    engines: {node: '>= 0.4'}

  get-stream@6.0.1:
    resolution: {integrity: sha512-ts6Wi+2j3jQjqi70w5AlN8DFnkSwC+MqmxEzdEALB2qXZYV3X/b1CTfgPLGJNMeAWxdPfU8FO1ms3NUfaHCPYg==}
    engines: {node: '>=10'}

  gopd@1.2.0:
    resolution: {integrity: sha512-ZUKRh6/kUFoAiTAtTYPZJ3hw9wNxx+BIBOijnlG9PnrJsCcSjs1wyyD6vJpaYtgnzDrKYRSqf3OO6Rfa93xsRg==}
    engines: {node: '>= 0.4'}

  has-symbols@1.1.0:
    resolution: {integrity: sha512-1cDNdwJ2Jaohmb3sg4OmKaMBwuC48sYni5HUw2DvsC8LjGTLK9h+eb1X6RyuOHe4hT0ULCW68iomhjUoKUqlPQ==}
    engines: {node: '>= 0.4'}

  hasown@2.0.4:
    resolution: {integrity: sha512-T2UbfbBEF32wiepXIsMlTW9+dDYC6wMh/t/vYA4tuOMKqWz/n3vr1NFSxQiyP+zk2mXsoMA/i/7qV6LKut1t1A==}
    engines: {node: '>= 0.4'}

  human-signals@2.1.0:
    resolution: {integrity: sha512-B4FFZ6q/T2jhhksgkbEW3HBvWIfDW85snkQgawt07S7J5QXTk6BkNV+0yAeZrM5QpMAdYlocGoljn0sJ/WQkFw==}
    engines: {node: '>=10.17.0'}

  ignore@5.3.2:
    resolution: {integrity: sha512-hsBTNUqQTDwkWtcdYI2i06Y/nUBEsNEDJKjWdigLvegy8kDuJAS8uRlpkkcQpyEXL0Z/pjDy5HBmMjRCJ2gq+g==}
    engines: {node: '>= 4'}

  is-fullwidth-code-point@3.0.0:
    resolution: {integrity: sha512-zymm5+u+sCsSWyD9qNaejV3DFvhCKclKdizYaJUuHA83RLjb7nSuGnddCHGv0hk+KY7BMAlsWeK4Ueg6EV6XQg==}
    engines: {node: '>=8'}

  is-port-reachable@4.0.0:
    resolution: {integrity: sha512-9UoipoxYmSk6Xy7QFgRv2HDyaysmgSG75TFQs6S+3pDM7ZhKTF/bskZV+0UlABHzKjNVhPjYCLfeZUEg1wXxig==}
    engines: {node: ^12.20.0 || ^14.13.1 || >=16.0.0}

  is-reachable@6.1.0:
    resolution: {integrity: sha512-Umegyv3C8nRqq7QgGNJNdgCseinDeSOBmKCx4PryGmYvG0lOaMnyj5TSYyJXEqZhhyokt+Bc2rDRrrMP4Mwb6A==}
    engines: {node: '>=20'}

  is-standalone-pwa@0.1.1:
    resolution: {integrity: sha512-9Cbovsa52vNQCjdXOzeQq5CnCbAcRk05aU62K20WO372NrTv0NxibLFCK6lQ4/iZEFdEA3p3t2VNOn8AJ53F5g==}

  is-stream@2.0.1:
    resolution: {integrity: sha512-hFoiJiTl63nn+kstHGBtewWSKnQLpyb155KHheA1l39uvtO9nWIop1p3udqPcUd/xbF1VLMO4n7OI6p7RbngDg==}
    engines: {node: '>=8'}

  isexe@2.0.0:
    resolution: {integrity: sha512-RHxMLp9lnKHGHRng9QFhRCMbYAcVpn69smSGcq3f36xjgVVWThj4qqLbTLlq7Ssj8B+fIQ1EuCEGI2lKsyQeIw==}

  isexe@3.1.5:
    resolution: {integrity: sha512-6B3tLtFqtQS4ekarvLVMZ+X+VlvQekbe4taUkf/rhVO3d/h0M2rfARm/pXLcPEsjjMsFgrFgSrhQIxcSVrBz8w==}
    engines: {node: '>=18'}

  jose@6.2.3:
    resolution: {integrity: sha512-YYVDInQKFJfR/xa3ojUTl8c2KoTwiL1R5Wg9YCydwH0x0B9grbzlg5HC7mMjCtUJjbQ/YnGEZIhI5tCgfTb4Hw==}

  json-schema@0.4.0:
    resolution: {integrity: sha512-es94M3nTIfsEPisRafak+HDLfHXnKBhV3vU5eqPcS3flIWqcxJWgXHXiey3YrpaNsanY5ei1VoYEbOzijuq9BA==}

  kysely@0.29.2:
    resolution: {integrity: sha512-s6WVJyEZrbm6jhBpiKHsGHyePMrVQKJ85wZCFCr9W4QHv6WTjWIrdvTmO9hDEA3bNK0xkrE2DqrHsXMLWuZpQg==}
    engines: {node: '>=22.0.0'}

  math-intrinsics@1.1.0:
    resolution: {integrity: sha512-/IXtbwEk5HTPyEwyKX6hGkYXxM9nbj64B+ilVJnC/R6B0pH5G4V3b0pVbL7DBj4tkhBAppbQUlf6F6Xl9LHu1g==}
    engines: {node: '>= 0.4'}

  merge-stream@2.0.0:
    resolution: {integrity: sha512-abv/qOcuPfk3URPfDzmZU1LKmuw8kT+0nIHvKrKgFrwifol/doWcdA4ZqsWQ8ENrFKkd67Mfpo/LovbIUsbt3w==}

  mimic-fn@2.1.0:
    resolution: {integrity: sha512-OqbOk5oEQeAZ8WXWydlu9HJjz9WVdEIvamMCcXmuqUYjTknH/sqsWvhQ3vgwKFRR1HpjvNBKQ37nbJgYzGqGcg==}
    engines: {node: '>=6'}

  npm-run-path@4.0.1:
    resolution: {integrity: sha512-S48WzZW777zhNIrn7gxOlISNAqi9ZC/uQFnRdbeIHhZhCA6UqpkOT8T1G7BvfdgP4Er8gF4sUbaS0i7QvIfCWw==}
    engines: {node: '>=8'}

  object-inspect@1.13.4:
    resolution: {integrity: sha512-W67iLl4J2EXEGTbfeHCffrjDfitvLANg0UlX3wFUUSTx92KXRFegMHUVgSqE+wvhAbi4WqjGg9czysTV2Epbew==}
    engines: {node: '>= 0.4'}

  object-treeify@1.1.33:
    resolution: {integrity: sha512-EFVjAYfzWqWsBMRHPMAXLCDIJnpMhdWAqR7xG6M6a2cs6PMFpl/+Z20w9zDW4vkxOFfddegBKq9Rehd0bxWE7A==}
    engines: {node: '>= 10'}

  onetime@5.1.2:
    resolution: {integrity: sha512-kbpaSSGJTWdAY5KPVeMOKXSrPtr8C8C7wodJbcsd51jRnmD+GZu8Y0VoU6Dm5Z4vWr0Ig/1NKuWRKf7j5aaYSg==}
    engines: {node: '>=6'}

  path-key@3.1.1:
    resolution: {integrity: sha512-ojmeN0qd+y0jszEtoY48r0Peq5dwMEkIlCOu6Q5f41lfkswXuKtYrhgoTpLnyIcHm24Uhqx+5Tqm2InSwLhE6Q==}
    engines: {node: '>=8'}

  pg-connection-string@2.14.0:
    resolution: {integrity: sha512-XwWDGcLRGCXAR8F/AM5bG7Q+A3Wm2s6QeEjlOKZLlH3UYcguiqCWKyWXVag5TLTIjR7oOJUY8kcADaZgWPyLeg==}

  picomatch@4.0.5:
    resolution: {integrity: sha512-RvwwcruNjI1ncT5xRakeyS9Lf8lcItv34KD+aif+VH9kduAyfYBipGh12274xtenIPZ119/R9BdTBa8gAwSh0A==}
    engines: {node: '>=12'}

  postgres@3.4.9:
    resolution: {integrity: sha512-GD3qdB0x1z9xgFI6cdRD6xu2Sp2WCOEoe3mtnyB5Ee0XrrL5Pe+e4CCnJrRMnL1zYtRDZmQQVbvOttLnKDLnaw==}
    engines: {node: '>=12'}

  prepend-http@4.0.0:
    resolution: {integrity: sha512-s6SRDuOuRo7JXWh7115pmJdh53sX0Azuk/3znjVxSoD4GusXzzBDrLQgH0rspeHNs5f+Yihz7JIT3UBMwFEn6Q==}
    engines: {node: ^12.20.0 || ^14.13.1 || >=16.0.0}

  qs@6.15.2:
    resolution: {integrity: sha512-Rzq0KEyX/w/tEybncDgdkZrJgVUsUMk3xjh3t5bv3S1HTAtg+uOYt72+ZfwiQwKdysThkTBdL/rTi6HDmX9Ddw==}
    engines: {node: '>=0.6'}

  shebang-command@2.0.0:
    resolution: {integrity: sha512-kHxr2zZpYtdmrN1qDjrrX/Z1rR1kG8Dx+gkpK1G4eXmvXswmcE1hTWBWYUzlraYw1/yZp6YuDY77YtvbN0dmDA==}
    engines: {node: '>=8'}

  shebang-regex@3.0.0:
    resolution: {integrity: sha512-7++dFhtcx3353uBaq8DDR4NuxBetBzC7ZQOhmTQInHEd6bSrXdiEyzCvG07Z44UYdLShWUyXt5M/yhz8ekcb1A==}
    engines: {node: '>=8'}

  side-channel-list@1.0.1:
    resolution: {integrity: sha512-mjn/0bi/oUURjc5Xl7IaWi/OJJJumuoJFQJfDDyO46+hBWsfaVM65TBHq2eoZBhzl9EchxOijpkbRC8SVBQU0w==}
    engines: {node: '>= 0.4'}

  side-channel-map@1.0.1:
    resolution: {integrity: sha512-VCjCNfgMsby3tTdo02nbjtM/ewra6jPHmpThenkTYh8pG9ucZ/1P8So4u4FGBek/BjpOVsDCMoLA/iuBKIFXRA==}
    engines: {node: '>= 0.4'}

  side-channel-weakmap@1.0.2:
    resolution: {integrity: sha512-WPS/HvHQTYnHisLo9McqBHOJk2FkHO/tlpvldyrnem4aeQp4hai3gythswg6p01oSoTl58rcpiFAjF2br2Ak2A==}
    engines: {node: '>= 0.4'}

  side-channel@1.1.1:
    resolution: {integrity: sha512-6x6dK6zJdpTzF4sQeNYxwtvBzf6Eg4GtlesS94HOvTudUeyK2WXAaIfmDgsyslYrRBeFIlsi54AYsFGUuhmvrQ==}
    engines: {node: '>= 0.4'}

  signal-exit@3.0.7:
    resolution: {integrity: sha512-wnD2ZE+l+SPC/uoS0vXeE9L1+0wuaMqKlfz9AMUo38JsyLSBWSFcHR1Rri62LZc12vLr1gb3jl7iwQhgwpAbGQ==}

  string-width@4.2.3:
    resolution: {integrity: sha512-wKyQRQpjJ0sIp62ErSZdGsjMJWsap5oRNihHhu6G7JVO/9jIB6UyevL+tXuOqrng8j/cxKTWyWUwvSTriiZz/g==}
    engines: {node: '>=8'}

  strip-ansi@6.0.1:
    resolution: {integrity: sha512-Y38VPSHcqkFrCpFnQ9vuSXmquuv5oXOKpGeT6aGrr3o3Gc9AlVa6JBfUSOCnbxGGZF+/0ooI7KrPuUSztUdU5A==}
    engines: {node: '>=8'}

  strip-ansi@7.2.0:
    resolution: {integrity: sha512-yDPMNjp4WyfYBkHnjIRLfca1i6KMyGCtsVgoKe/z1+6vukgaENdgGBZt+ZmKPc4gavvEZ5OgHfHdrazhgNyG7w==}
    engines: {node: '>=12'}

  strip-final-newline@2.0.0:
    resolution: {integrity: sha512-BrpvfNAE3dcvq7ll3xVumzjKjZQ5tI1sEUIKr3Uoks0XUl45St3FlatVqef9prk4jRDzhW6WZg+3bk93y6pLjA==}
    engines: {node: '>=6'}

  tiny-invariant@1.3.3:
    resolution: {integrity: sha512-+FbBPE1o9QAYvviau/qC5SE3caw21q3xkvWKBtja5vgqOWIHHJ3ioaq1VPfn/Szqctz2bU/oYeKd9/z5BL+PVg==}

  treeify@1.1.0:
    resolution: {integrity: sha512-1m4RA7xVAJrSGrrXGs0L3YTwyvBs2S8PbRHaLZAkFw7JR8oIFwYtysxlBZhYIa7xSyiYJKZ3iGrrk55cGA3i9A==}
    engines: {node: '>=0.6'}

  ts-pattern@5.9.0:
    resolution: {integrity: sha512-6s5V71mX8qBUmlgbrfL33xDUwO0fq48rxAu2LBE11WBeGdpCPOsXksQbZJHvHwhrd3QjUusd3mAOM5Gg0mFBLg==}

  tslib@2.8.1:
    resolution: {integrity: sha512-oJFu94HQb+KVduSUQL7wnpmqnfmLsOA/nAh6b6EH0wCEoK0/mPeXU6c3wKDV83MkOuHPRHtSXKKU99IBazS/2w==}

  typescript@6.0.3:
    resolution: {integrity: sha512-y2TvuxSZPDyQakkFRPZHKFm+KKVqIisdg9/CZwm9ftvKXLP8NRWj38/ODjNbr43SsoXqNuAisEf1GdCxqWcdBw==}
    engines: {node: '>=14.17'}
    hasBin: true

  ua-is-frozen@0.1.2:
    resolution: {integrity: sha512-RwKDW2p3iyWn4UbaxpP2+VxwqXh0jpvdxsYpZ5j/MLLiQOfbsV5shpgQiw93+KMYQPcteeMQ289MaAFzs3G9pw==}

  ua-parser-js@2.0.9:
    resolution: {integrity: sha512-OsqGhxyo/wGdLSXMSJxuMGN6H4gDnKz6Fb3IBm4bxZFMnyy0sdf6MN96Ie8tC6z/btdO+Bsy8guxlvLdwT076w==}
    hasBin: true

  undici-types@8.3.0:
    resolution: {integrity: sha512-j375ScV60dom+YkPFIfTLcOiPxkN/buHz5GobjLhixFuANaNs3C9l4GmrWqejgXWJ7BbJcFYpTEUkS1Ge8bpZQ==}

  which@2.0.2:
    resolution: {integrity: sha512-BLI3Tl1TW3Pvl70l3yq3Y64i+awpwXqsGBYWkkqMtnbXgrMD+yj7rhW0kuEDxzJaYXGjEW5ogapKNMEKNMjibA==}
    engines: {node: '>= 8'}
    hasBin: true

  which@4.0.0:
    resolution: {integrity: sha512-GlaYyEb07DPxYCKhKzplCWBJtvxZcZMrL+4UkrTSJHHPyZU4mYYTv3qaOe77H7EODLSSopAUFAc6W8U4yqvscg==}
    engines: {node: ^16.13.0 || >=18.0.0}
    hasBin: true

  yaml@2.9.0:
    resolution: {integrity: sha512-2AvhNX3mb8zd6Zy7INTtSpl1F15HW6Wnqj0srWlkKLcpYl/gMIMJiyuGq2KeI2YFxUPjdlB+3Lc10seMLtL4cA==}
    engines: {node: '>= 14.6'}
    hasBin: true

  yocto-spinner@1.2.2:
    resolution: {integrity: sha512-DODGl1wJjA/s5pnJFKau9lIYHT81lnhob1i3e1TjxZRxEhWRKl74nTbWE6H5KlkViQQTo/Z29YFdxzTZAMY3ng==}
    engines: {node: '>=18.19'}

  yoctocolors@2.1.2:
    resolution: {integrity: sha512-CzhO+pFNo8ajLM2d2IW/R93ipy99LWjtwblvC1RsoSUMZgyLbYFr221TnSNT7GjGdYui6P459mw9JH/g/zW2ug==}
    engines: {node: '>=18'}

  zod-config@1.4.0:
    resolution: {integrity: sha512-1+SlrNzoWeid0/t+7hvxmKVK8gVYTiiWjmXYodEdUTADNrmMnvClmkzs2ht0HfZsmDgOv1SYHFwrvyiwsN+3xA==}
    engines: {node: '>=14.0.0'}
    peerDependencies:
      dotenv: '>=15'
      json5: '>=2'
      smol-toml: ^1.x
      yaml: ^2.x
      zod: ^3.25.0 || ^4.0.0
    peerDependenciesMeta:
      dotenv:
        optional: true
      json5:
        optional: true
      smol-toml:
        optional: true
      yaml:
        optional: true

  zod@4.3.6:
    resolution: {integrity: sha512-rftlrkhHZOcjDwkGlnUtZZkvaPHCsDATp4pGpuOOMDaTdDDXF91wuVDJoWoPsKX/3YPQ5fHuF3STjcYyKr+Qhg==}

  zod@4.4.3:
    resolution: {integrity: sha512-ytENFjIJFl2UwYglde2jchW2Hwm4GJFLDiSXWdTrJQBIN9Fcyp7n4DhxJEiWNAJMV1/BqWfW/kkg71UDcHJyTQ==}

snapshots:

  '@ai-sdk/anthropic@3.0.67(zod@4.3.6)':
    dependencies:
      '@ai-sdk/provider': 3.0.8
      '@ai-sdk/provider-utils': 4.0.23(zod@4.3.6)
      zod: 4.3.6

  '@ai-sdk/gateway@3.0.91(zod@4.3.6)':
    dependencies:
      '@ai-sdk/provider': 3.0.8
      '@ai-sdk/provider-utils': 4.0.23(zod@4.3.6)
      '@vercel/oidc': 3.1.0
      zod: 4.3.6

  '@ai-sdk/provider-utils@4.0.23(zod@4.3.6)':
    dependencies:
      '@ai-sdk/provider': 3.0.8
      '@standard-schema/spec': 1.1.0
      eventsource-parser: 3.1.0
      zod: 4.3.6

  '@ai-sdk/provider@3.0.8':
    dependencies:
      json-schema: 0.4.0

  '@aws-sdk/checksums@3.1000.19':
    dependencies:
      '@aws-sdk/core': 3.976.0
      '@aws-sdk/types': 3.974.2
      '@smithy/core': 3.29.8
      '@smithy/types': 4.16.1
      tslib: 2.8.1

  '@aws-sdk/client-s3@3.1084.0':
    dependencies:
      '@aws-sdk/checksums': 3.1000.19
      '@aws-sdk/core': 3.976.0
      '@aws-sdk/credential-provider-node': 3.972.71
      '@aws-sdk/middleware-sdk-s3': 3.972.65
      '@aws-sdk/signature-v4-multi-region': 3.996.41
      '@aws-sdk/types': 3.974.2
      '@smithy/core': 3.29.8
      '@smithy/fetch-http-handler': 5.6.10
      '@smithy/node-http-handler': 4.9.10
      '@smithy/types': 4.16.1
      tslib: 2.8.1

  '@aws-sdk/core@3.976.0':
    dependencies:
      '@aws-sdk/types': 3.974.2
      '@aws-sdk/xml-builder': 3.972.36
      '@aws/lambda-invoke-store': 0.3.0
      '@smithy/core': 3.29.8
      '@smithy/signature-v4': 5.6.9
      '@smithy/types': 4.16.1
      bowser: 2.14.1
      tslib: 2.8.1

  '@aws-sdk/credential-provider-env@3.972.60':
    dependencies:
      '@aws-sdk/core': 3.976.0
      '@aws-sdk/types': 3.974.2
      '@smithy/core': 3.29.8
      '@smithy/types': 4.16.1
      tslib: 2.8.1

  '@aws-sdk/credential-provider-http@3.972.62':
    dependencies:
      '@aws-sdk/core': 3.976.0
      '@aws-sdk/types': 3.974.2
      '@smithy/core': 3.29.8
      '@smithy/fetch-http-handler': 5.6.10
      '@smithy/node-http-handler': 4.9.10
      '@smithy/types': 4.16.1
      tslib: 2.8.1

  '@aws-sdk/credential-provider-ini@3.973.5':
    dependencies:
      '@aws-sdk/core': 3.976.0
      '@aws-sdk/credential-provider-env': 3.972.60
      '@aws-sdk/credential-provider-http': 3.972.62
      '@aws-sdk/credential-provider-login': 3.972.67
      '@aws-sdk/credential-provider-process': 3.972.60
      '@aws-sdk/credential-provider-sso': 3.973.4
      '@aws-sdk/credential-provider-web-identity': 3.972.66
      '@aws-sdk/nested-clients': 3.997.34
      '@aws-sdk/types': 3.974.2
      '@smithy/core': 3.29.8
      '@smithy/credential-provider-imds': 4.4.13
      '@smithy/types': 4.16.1
      tslib: 2.8.1

  '@aws-sdk/credential-provider-login@3.972.67':
    dependencies:
      '@aws-sdk/core': 3.976.0
      '@aws-sdk/nested-clients': 3.997.34
      '@aws-sdk/types': 3.974.2
      '@smithy/core': 3.29.8
      '@smithy/types': 4.16.1
      tslib: 2.8.1

  '@aws-sdk/credential-provider-node@3.972.71':
    dependencies:
      '@aws-sdk/credential-provider-env': 3.972.60
      '@aws-sdk/credential-provider-http': 3.972.62
      '@aws-sdk/credential-provider-ini': 3.973.5
      '@aws-sdk/credential-provider-process': 3.972.60
      '@aws-sdk/credential-provider-sso': 3.973.4
      '@aws-sdk/credential-provider-web-identity': 3.972.66
      '@aws-sdk/types': 3.974.2
      '@smithy/core': 3.29.8
      '@smithy/credential-provider-imds': 4.4.13
      '@smithy/types': 4.16.1
      tslib: 2.8.1

  '@aws-sdk/credential-provider-process@3.972.60':
    dependencies:
      '@aws-sdk/core': 3.976.0
      '@aws-sdk/types': 3.974.2
      '@smithy/core': 3.29.8
      '@smithy/types': 4.16.1
      tslib: 2.8.1

  '@aws-sdk/credential-provider-sso@3.973.4':
    dependencies:
      '@aws-sdk/core': 3.976.0
      '@aws-sdk/nested-clients': 3.997.34
      '@aws-sdk/token-providers': 3.1092.0
      '@aws-sdk/types': 3.974.2
      '@smithy/core': 3.29.8
      '@smithy/types': 4.16.1
      tslib: 2.8.1

  '@aws-sdk/credential-provider-web-identity@3.972.66':
    dependencies:
      '@aws-sdk/core': 3.976.0
      '@aws-sdk/nested-clients': 3.997.34
      '@aws-sdk/types': 3.974.2
      '@smithy/core': 3.29.8
      '@smithy/types': 4.16.1
      tslib: 2.8.1

  '@aws-sdk/middleware-sdk-s3@3.972.65':
    dependencies:
      '@aws-sdk/core': 3.976.0
      '@aws-sdk/signature-v4-multi-region': 3.996.41
      '@aws-sdk/types': 3.974.2
      '@smithy/core': 3.29.8
      '@smithy/types': 4.16.1
      tslib: 2.8.1

  '@aws-sdk/nested-clients@3.997.34':
    dependencies:
      '@aws-sdk/core': 3.976.0
      '@aws-sdk/signature-v4-multi-region': 3.996.41
      '@aws-sdk/types': 3.974.2
      '@smithy/core': 3.29.8
      '@smithy/fetch-http-handler': 5.6.10
      '@smithy/node-http-handler': 4.9.10
      '@smithy/types': 4.16.1
      tslib: 2.8.1

  '@aws-sdk/signature-v4-multi-region@3.996.41':
    dependencies:
      '@aws-sdk/types': 3.974.2
      '@smithy/signature-v4': 5.6.9
      '@smithy/types': 4.16.1
      tslib: 2.8.1

  '@aws-sdk/token-providers@3.1092.0':
    dependencies:
      '@aws-sdk/core': 3.976.0
      '@aws-sdk/nested-clients': 3.997.34
      '@aws-sdk/types': 3.974.2
      '@smithy/core': 3.29.8
      '@smithy/types': 4.16.1
      tslib: 2.8.1

  '@aws-sdk/types@3.974.2':
    dependencies:
      '@smithy/types': 4.16.1
      tslib: 2.8.1

  '@aws-sdk/xml-builder@3.972.36':
    dependencies:
      '@smithy/types': 4.16.1
      tslib: 2.8.1

  '@aws/lambda-invoke-store@0.3.0': {}

  '@colors/colors@1.5.0':
    optional: true

  '@dotenvx/dotenvx@1.71.3':
    dependencies:
      commander: 11.1.0
      dotenv: 17.4.2
      eciesjs: 0.4.18
      enquirer: 2.4.1
      execa: 5.1.1
      fdir: 6.5.0(picomatch@4.0.5)
      ignore: 5.3.2
      object-treeify: 1.1.33
      picomatch: 4.0.5
      which: 4.0.0
      yocto-spinner: 1.2.2

  '@dotenvx/dotenvx@2.3.4':
    dependencies:
      '@dotenvx/primitives': 1.10.0
      '@dotenvx/tooling': 1.0.3
      yocto-spinner: 1.2.2

  '@dotenvx/primitives@1.10.0': {}

  '@dotenvx/tooling@1.0.3': {}

  '@ecies/ciphers@0.2.6(@noble/ciphers@1.3.0)':
    dependencies:
      '@noble/ciphers': 1.3.0

  '@neondatabase/serverless@1.1.0': {}

  '@noble/ciphers@1.3.0': {}

  '@noble/curves@1.9.7':
    dependencies:
      '@noble/hashes': 1.8.0

  '@noble/hashes@1.8.0': {}

  '@opentelemetry/api@1.9.0': {}

  '@smithy/core@3.29.8':
    dependencies:
      '@smithy/types': 4.16.1
      tslib: 2.8.1

  '@smithy/credential-provider-imds@4.4.13':
    dependencies:
      '@smithy/core': 3.29.8
      '@smithy/types': 4.16.1
      tslib: 2.8.1

  '@smithy/fetch-http-handler@5.6.10':
    dependencies:
      '@smithy/core': 3.29.8
      '@smithy/types': 4.16.1
      tslib: 2.8.1

  '@smithy/node-http-handler@4.9.10':
    dependencies:
      '@smithy/core': 3.29.8
      '@smithy/types': 4.16.1
      tslib: 2.8.1

  '@smithy/signature-v4@5.6.9':
    dependencies:
      '@smithy/core': 3.29.8
      '@smithy/types': 4.16.1
      tslib: 2.8.1

  '@smithy/types@4.16.1':
    dependencies:
      tslib: 2.8.1

  '@standard-schema/spec@1.1.0': {}

  '@stricli/auto-complete@1.2.9':
    dependencies:
      '@stricli/core': 1.2.9

  '@stricli/core@1.2.9': {}

  '@types/bun@1.3.14':
    dependencies:
      bun-types: 1.3.14

  '@types/node@26.1.1':
    dependencies:
      undici-types: 8.3.0

  '@types/qs@6.15.1': {}

  '@types/treeify@1.0.3': {}

  '@vercel/detect-agent@1.2.3': {}

  '@vercel/oidc@3.1.0': {}

  '@xata.io/ai@0.1.0':
    dependencies:
      '@ai-sdk/anthropic': 3.0.67(zod@4.3.6)
      ai: 6.0.149(zod@4.3.6)
      zod: 4.3.6

  '@xata.io/api@0.1.1':
    dependencies:
      '@dotenvx/dotenvx': 1.71.3
      '@xata.io/lang': 0.0.1
      zod: 4.4.3

  '@xata.io/config@0.0.1':
    dependencies:
      '@xata.io/pii': 0.0.0
      '@xata.io/sql': 0.1.4

  '@xata.io/lang@0.0.1': {}

  '@xata.io/pgroll@0.9.0':
    dependencies:
      zod: 4.3.6

  '@xata.io/pgstream@0.2.0':
    dependencies:
      zod: 4.3.6

  '@xata.io/pii@0.0.0': {}

  '@xata.io/sql@0.1.4':
    dependencies:
      '@neondatabase/serverless': 1.1.0
      '@types/qs': 6.15.1
      '@xata.io/api': 0.1.1
      '@xata.io/pgroll': 0.9.0
      kysely: 0.29.2
      qs: 6.15.2
      tiny-invariant: 1.3.3
      zod: 4.4.3

  '@xata.io/test-utils@0.0.1':
    dependencies:
      '@neondatabase/serverless': 1.1.0
      '@xata.io/api': 0.1.1
      '@xata.io/lang': 0.0.1
      '@xata.io/utils': 0.1.0

  '@xata.io/tsconfig@0.0.1': {}

  '@xata.io/utils@0.1.0':
    dependencies:
      '@xata.io/lang': 0.0.1
      tiny-invariant: 1.3.3
      ua-parser-js: 2.0.9

  ai@6.0.149(zod@4.3.6):
    dependencies:
      '@ai-sdk/gateway': 3.0.91(zod@4.3.6)
      '@ai-sdk/provider': 3.0.8
      '@ai-sdk/provider-utils': 4.0.23(zod@4.3.6)
      '@opentelemetry/api': 1.9.0
      zod: 4.3.6

  ansi-colors@4.1.3: {}

  ansi-regex@5.0.1: {}

  ansi-regex@6.2.2: {}

  bowser@2.14.1: {}

  bun-types@1.3.14:
    dependencies:
      '@types/node': 26.1.1

  call-bind-apply-helpers@1.0.2:
    dependencies:
      es-errors: 1.3.0
      function-bind: 1.1.2

  call-bound@1.0.4:
    dependencies:
      call-bind-apply-helpers: 1.0.2
      get-intrinsic: 1.3.0

  chalk@5.6.2: {}

  chrono-node@2.9.1: {}

  ci-info@4.4.0: {}

  cli-table3@0.6.5:
    dependencies:
      string-width: 4.2.3
    optionalDependencies:
      '@colors/colors': 1.5.0

  commander@11.1.0: {}

  cross-spawn@7.0.6:
    dependencies:
      path-key: 3.1.1
      shebang-command: 2.0.0
      which: 2.0.2

  dedent@1.7.2: {}

  detect-europe-js@0.1.2: {}

  dotenv@17.4.2: {}

  dunder-proto@1.0.1:
    dependencies:
      call-bind-apply-helpers: 1.0.2
      es-errors: 1.3.0
      gopd: 1.2.0

  eciesjs@0.4.18:
    dependencies:
      '@ecies/ciphers': 0.2.6(@noble/ciphers@1.3.0)
      '@noble/ciphers': 1.3.0
      '@noble/curves': 1.9.7
      '@noble/hashes': 1.8.0

  emoji-regex@8.0.0: {}

  enquirer@2.4.1:
    dependencies:
      ansi-colors: 4.1.3
      strip-ansi: 6.0.1

  es-define-property@1.0.1: {}

  es-errors@1.3.0: {}

  es-object-atoms@1.1.2:
    dependencies:
      es-errors: 1.3.0

  eventsource-parser@3.1.0: {}

  execa@5.1.1:
    dependencies:
      cross-spawn: 7.0.6
      get-stream: 6.0.1
      human-signals: 2.1.0
      is-stream: 2.0.1
      merge-stream: 2.0.0
      npm-run-path: 4.0.1
      onetime: 5.1.2
      signal-exit: 3.0.7
      strip-final-newline: 2.0.0

  fdir@6.5.0(picomatch@4.0.5):
    optionalDependencies:
      picomatch: 4.0.5

  fetch-extras@1.1.0: {}

  function-bind@1.1.2: {}

  get-intrinsic@1.3.0:
    dependencies:
      call-bind-apply-helpers: 1.0.2
      es-define-property: 1.0.1
      es-errors: 1.3.0
      es-object-atoms: 1.1.2
      function-bind: 1.1.2
      get-proto: 1.0.1
      gopd: 1.2.0
      has-symbols: 1.1.0
      hasown: 2.0.4
      math-intrinsics: 1.1.0

  get-proto@1.0.1:
    dependencies:
      dunder-proto: 1.0.1
      es-object-atoms: 1.1.2

  get-stream@6.0.1: {}

  gopd@1.2.0: {}

  has-symbols@1.1.0: {}

  hasown@2.0.4:
    dependencies:
      function-bind: 1.1.2

  human-signals@2.1.0: {}

  ignore@5.3.2: {}

  is-fullwidth-code-point@3.0.0: {}

  is-port-reachable@4.0.0: {}

  is-reachable@6.1.0:
    dependencies:
      fetch-extras: 1.1.0
      is-port-reachable: 4.0.0
      prepend-http: 4.0.0

  is-standalone-pwa@0.1.1: {}

  is-stream@2.0.1: {}

  isexe@2.0.0: {}

  isexe@3.1.5: {}

  jose@6.2.3: {}

  json-schema@0.4.0: {}

  kysely@0.29.2: {}

  math-intrinsics@1.1.0: {}

  merge-stream@2.0.0: {}

  mimic-fn@2.1.0: {}

  npm-run-path@4.0.1:
    dependencies:
      path-key: 3.1.1

  object-inspect@1.13.4: {}

  object-treeify@1.1.33: {}

  onetime@5.1.2:
    dependencies:
      mimic-fn: 2.1.0

  path-key@3.1.1: {}

  pg-connection-string@2.14.0: {}

  picomatch@4.0.5: {}

  postgres@3.4.9: {}

  prepend-http@4.0.0: {}

  qs@6.15.2:
    dependencies:
      side-channel: 1.1.1

  shebang-command@2.0.0:
    dependencies:
      shebang-regex: 3.0.0

  shebang-regex@3.0.0: {}

  side-channel-list@1.0.1:
    dependencies:
      es-errors: 1.3.0
      object-inspect: 1.13.4

  side-channel-map@1.0.1:
    dependencies:
      call-bound: 1.0.4
      es-errors: 1.3.0
      get-intrinsic: 1.3.0
      object-inspect: 1.13.4

  side-channel-weakmap@1.0.2:
    dependencies:
      call-bound: 1.0.4
      es-errors: 1.3.0
      get-intrinsic: 1.3.0
      object-inspect: 1.13.4
      side-channel-map: 1.0.1

  side-channel@1.1.1:
    dependencies:
      es-errors: 1.3.0
      object-inspect: 1.13.4
      side-channel-list: 1.0.1
      side-channel-map: 1.0.1
      side-channel-weakmap: 1.0.2

  signal-exit@3.0.7: {}

  string-width@4.2.3:
    dependencies:
      emoji-regex: 8.0.0
      is-fullwidth-code-point: 3.0.0
      strip-ansi: 6.0.1

  strip-ansi@6.0.1:
    dependencies:
      ansi-regex: 5.0.1

  strip-ansi@7.2.0:
    dependencies:
      ansi-regex: 6.2.2

  strip-final-newline@2.0.0: {}

  tiny-invariant@1.3.3: {}

  treeify@1.1.0: {}

  ts-pattern@5.9.0: {}

  tslib@2.8.1: {}

  typescript@6.0.3: {}

  ua-is-frozen@0.1.2: {}

  ua-parser-js@2.0.9:
    dependencies:
      detect-europe-js: 0.1.2
      is-standalone-pwa: 0.1.1
      ua-is-frozen: 0.1.2

  undici-types@8.3.0: {}

  which@2.0.2:
    dependencies:
      isexe: 2.0.0

  which@4.0.0:
    dependencies:
      isexe: 3.1.5

  yaml@2.9.0: {}

  yocto-spinner@1.2.2:
    dependencies:
      yoctocolors: 2.1.2

  yoctocolors@2.1.2: {}

  zod-config@1.4.0(dotenv@17.4.2)(yaml@2.9.0)(zod@4.4.3):
    dependencies:
      zod: 4.4.3
    optionalDependencies:
      dotenv: 17.4.2
      yaml: 2.9.0

  zod@4.3.6: {}

  zod@4.4.3: {}
